// !$*UTF8*$!
{
	archiveVersion = 1;
	classes = {
	};
	objectVersion = 60;
	objects = {

/* Begin PBXBuildFile section */
		A803A0082AA7E07F008F587E /* CoreDataManager.swift in Sources */ = {isa = PBXBuildFile; fileRef = A803A0072AA7E07F008F587E /* CoreDataManager.swift */; };
		A803A00A2AA7E0E8008F587E /* GPSDataListView.swift in Sources */ = {isa = PBXBuildFile; fileRef = A803A0092AA7E0E8008F587E /* GPSDataListView.swift */; };
		A803A00C2AA7F8F3008F587E /* PersistenceController.swift in Sources */ = {isa = PBXBuildFile; fileRef = A803A00B2AA7F8F3008F587E /* PersistenceController.swift */; };
		A806CDD82AAB81D50003092A /* EditView.swift in Sources */ = {isa = PBXBuildFile; fileRef = A806CDD72AAB81D50003092A /* EditView.swift */; };
		A806CDDA2AAB84700003092A /* ContentView.swift in Sources */ = {isa = PBXBuildFile; fileRef = A806CDD92AAB84700003092A /* ContentView.swift */; };
		A806CDDC2AAB85160003092A /* JoyStickView.swift in Sources */ = {isa = PBXBuildFile; fileRef = A806CDDB2AAB85160003092A /* JoyStickView.swift */; };
		A806CDDE2AAB87370003092A /* MapView.swift in Sources */ = {isa = PBXBuildFile; fileRef = A806CDDD2AAB87370003092A /* MapView.swift */; };
		A806CDE02AABC4B00003092A /* PreferencesView.swift in Sources */ = {isa = PBXBuildFile; fileRef = A806CDDF2AABC4B00003092A /* PreferencesView.swift */; };
		A81C6C3C2AAFB25F00ECEA9D /* MapboxMaps.xcframework in Frameworks */ = {isa = PBXBuildFile; fileRef = A81C6C372AAFB25F00ECEA9D /* MapboxMaps.xcframework */; };
		A81C6C3D2AAFB25F00ECEA9D /* MapboxCommon.xcframework in Frameworks */ = {isa = PBXBuildFile; fileRef = A81C6C382AAFB25F00ECEA9D /* MapboxCommon.xcframework */; };
		A81C6C3E2AAFB25F00ECEA9D /* MapboxCoreMaps.xcframework in Frameworks */ = {isa = PBXBuildFile; fileRef = A81C6C392AAFB25F00ECEA9D /* MapboxCoreMaps.xcframework */; };
		A81C6C3F2AAFB25F00ECEA9D /* MapboxMobileEvents.xcframework in Frameworks */ = {isa = PBXBuildFile; fileRef = A81C6C3A2AAFB25F00ECEA9D /* MapboxMobileEvents.xcframework */; };
		A81C6C402AAFB25F00ECEA9D /* Turf.xcframework in Frameworks */ = {isa = PBXBuildFile; fileRef = A81C6C3B2AAFB25F00ECEA9D /* Turf.xcframework */; };
		A81C6C422AAFB2BD00ECEA9D /* LAME5App.swift in Sources */ = {isa = PBXBuildFile; fileRef = A81C6C412AAFB2BD00ECEA9D /* LAME5App.swift */; };
		A8531E652AA9172C006E498C /* GPSDataModel.xcdatamodeld in Sources */ = {isa = PBXBuildFile; fileRef = A86B239B2AA7C45500B25F6E /* GPSDataModel.xcdatamodeld */; };
		A85CE9422AAC130F00837AB2 /* MapBoxView.swift in Sources */ = {isa = PBXBuildFile; fileRef = A85CE9412AAC130F00837AB2 /* MapBoxView.swift */; };
		A86B23952AA7C45500B25F6E /* Assets.xcassets in Resources */ = {isa = PBXBuildFile; fileRef = A86B23942AA7C45500B25F6E /* Assets.xcassets */; };
		A86B23982AA7C45500B25F6E /* Preview Assets.xcassets in Resources */ = {isa = PBXBuildFile; fileRef = A86B23972AA7C45500B25F6E /* Preview Assets.xcassets */; };
		A8F92AB32AACBEE9007DACB5 /* TestMap.swift in Sources */ = {isa = PBXBuildFile; fileRef = A8F92AB22AACBEE9007DACB5 /* TestMap.swift */; };
/* End PBXBuildFile section */

/* Begin PBXCopyFilesBuildPhase section */
		A84E96B22AACBBE100AC6669 /* Embed Frameworks */ = {
			isa = PBXCopyFilesBuildPhase;
			buildActionMask = 2147483647;
			dstPath = "";
			dstSubfolderSpec = 10;
			files = (
			);
			name = "Embed Frameworks";
			runOnlyForDeploymentPostprocessing = 0;
		};
/* End PBXCopyFilesBuildPhase section */

/* Begin PBXFileReference section */
		A803A0072AA7E07F008F587E /* CoreDataManager.swift */ = {isa = PBXFileReference; lastKnownFileType = sourcecode.swift; path = CoreDataManager.swift; sourceTree = "<group>"; };
		A803A0092AA7E0E8008F587E /* GPSDataListView.swift */ = {isa = PBXFileReference; lastKnownFileType = sourcecode.swift; path = GPSDataListView.swift; sourceTree = "<group>"; };
		A803A00B2AA7F8F3008F587E /* PersistenceController.swift */ = {isa = PBXFileReference; lastKnownFileType = sourcecode.swift; path = PersistenceController.swift; sourceTree = "<group>"; };
		A806CDD72AAB81D50003092A /* EditView.swift */ = {isa = PBXFileReference; lastKnownFileType = sourcecode.swift; path = EditView.swift; sourceTree = "<group>"; };
		A806CDD92AAB84700003092A /* ContentView.swift */ = {isa = PBXFileReference; lastKnownFileType = sourcecode.swift; path = ContentView.swift; sourceTree = "<group>"; };
		A806CDDB2AAB85160003092A /* JoyStickView.swift */ = {isa = PBXFileReference; fileEncoding = 4; lastKnownFileType = sourcecode.swift; path = JoyStickView.swift; sourceTree = "<group>"; };
		A806CDDD2AAB87370003092A /* MapView.swift */ = {isa = PBXFileReference; lastKnownFileType = sourcecode.swift; path = MapView.swift; sourceTree = "<group>"; };
		A806CDDF2AABC4B00003092A /* PreferencesView.swift */ = {isa = PBXFileReference; lastKnownFileType = sourcecode.swift; path = PreferencesView.swift; sourceTree = "<group>"; };
		A81C6C372AAFB25F00ECEA9D /* MapboxMaps.xcframework */ = {isa = PBXFileReference; lastKnownFileType = wrapper.xcframework; name = MapboxMaps.xcframework; path = "../../../../Downloads/artifacts 2/MapboxMaps.xcframework"; sourceTree = "<group>"; };
		A81C6C382AAFB25F00ECEA9D /* MapboxCommon.xcframework */ = {isa = PBXFileReference; lastKnownFileType = wrapper.xcframework; name = MapboxCommon.xcframework; path = "../../../../Downloads/artifacts 2/MapboxCommon.xcframework"; sourceTree = "<group>"; };
		A81C6C392AAFB25F00ECEA9D /* MapboxCoreMaps.xcframework */ = {isa = PBXFileReference; lastKnownFileType = wrapper.xcframework; name = MapboxCoreMaps.xcframework; path = "../../../../Downloads/artifacts 2/MapboxCoreMaps.xcframework"; sourceTree = "<group>"; };
		A81C6C3A2AAFB25F00ECEA9D /* MapboxMobileEvents.xcframework */ = {isa = PBXFileReference; lastKnownFileType = wrapper.xcframework; name = MapboxMobileEvents.xcframework; path = "../../../../Downloads/artifacts 2/MapboxMobileEvents.xcframework"; sourceTree = "<group>"; };
		A81C6C3B2AAFB25F00ECEA9D /* Turf.xcframework */ = {isa = PBXFileReference; lastKnownFileType = wrapper.xcframework; name = Turf.xcframework; path = "../../../../Downloads/artifacts 2/Turf.xcframework"; sourceTree = "<group>"; };
		A81C6C412AAFB2BD00ECEA9D /* LAME5App.swift */ = {isa = PBXFileReference; lastKnownFileType = sourcecode.swift; path = LAME5App.swift; sourceTree = "<group>"; };
		A85CE9412AAC130F00837AB2 /* MapBoxView.swift */ = {isa = PBXFileReference; lastKnownFileType = sourcecode.swift; path = MapBoxView.swift; sourceTree = "<group>"; };
		A86B238D2AA7C45400B25F6E /* Lame5.app */ = {isa = PBXFileReference; explicitFileType = wrapper.application; includeInIndex = 0; path = Lame5.app; sourceTree = BUILT_PRODUCTS_DIR; };
		A86B23942AA7C45500B25F6E /* Assets.xcassets */ = {isa = PBXFileReference; lastKnownFileType = folder.assetcatalog; path = Assets.xcassets; sourceTree = "<group>"; };
		A86B23972AA7C45500B25F6E /* Preview Assets.xcassets */ = {isa = PBXFileReference; lastKnownFileType = folder.assetcatalog; path = "Preview Assets.xcassets"; sourceTree = "<group>"; };
		A86B239C2AA7C45500B25F6E /* Lame5.xcdatamodel */ = {isa = PBXFileReference; lastKnownFileType = wrapper.xcdatamodel; path = Lame5.xcdatamodel; sourceTree = "<group>"; };
		A8F92AB22AACBEE9007DACB5 /* TestMap.swift */ = {isa = PBXFileReference; lastKnownFileType = sourcecode.swift; path = TestMap.swift; sourceTree = "<group>"; };
/* End PBXFileReference section */

/* Begin PBXFrameworksBuildPhase section */
		A86B238A2AA7C45400B25F6E /* Frameworks */ = {
			isa = PBXFrameworksBuildPhase;
			buildActionMask = 2147483647;
			files = (
				A81C6C3E2AAFB25F00ECEA9D /* MapboxCoreMaps.xcframework in Frameworks */,
				A81C6C3F2AAFB25F00ECEA9D /* MapboxMobileEvents.xcframework in Frameworks */,
				A81C6C3C2AAFB25F00ECEA9D /* MapboxMaps.xcframework in Frameworks */,
				A81C6C402AAFB25F00ECEA9D /* Turf.xcframework in Frameworks */,
				A81C6C3D2AAFB25F00ECEA9D /* MapboxCommon.xcframework in Frameworks */,
			);
			runOnlyForDeploymentPostprocessing = 0;
		};
/* End PBXFrameworksBuildPhase section */

/* Begin PBXGroup section */
		A84E96A52AACBB9C00AC6669 /* Frameworks */ = {
			isa = PBXGroup;
			children = (
			);
			name = Frameworks;
			sourceTree = "<group>";
		};
		A86B23842AA7C45400B25F6E = {
			isa = PBXGroup;
			children = (
				A86B238F2AA7C45400B25F6E /* Lame5 */,
				A86B238E2AA7C45400B25F6E /* Products */,
				A84E96A52AACBB9C00AC6669 /* Frameworks */,
			);
			sourceTree = "<group>";
		};
		A86B238E2AA7C45400B25F6E /* Products */ = {
			isa = PBXGroup;
			children = (
				A86B238D2AA7C45400B25F6E /* Lame5.app */,
			);
			name = Products;
			sourceTree = "<group>";
		};
		A86B238F2AA7C45400B25F6E /* Lame5 */ = {
			isa = PBXGroup;
			children = (
				A81C6C412AAFB2BD00ECEA9D /* LAME5App.swift */,
				A806CDD92AAB84700003092A /* ContentView.swift */,
				A806CDD72AAB81D50003092A /* EditView.swift */,
				A803A0072AA7E07F008F587E /* CoreDataManager.swift */,
				A803A0092AA7E0E8008F587E /* GPSDataListView.swift */,
				A803A00B2AA7F8F3008F587E /* PersistenceController.swift */,
				A806CDDB2AAB85160003092A /* JoyStickView.swift */,
				A86B23942AA7C45500B25F6E /* Assets.xcassets */,
				A86B239B2AA7C45500B25F6E /* GPSDataModel.xcdatamodeld */,
				A86B23962AA7C45500B25F6E /* Preview Content */,
				A806CDDD2AAB87370003092A /* MapView.swift */,
				A806CDDF2AABC4B00003092A /* PreferencesView.swift */,
				A85CE9412AAC130F00837AB2 /* MapBoxView.swift */,
				A8F92AB22AACBEE9007DACB5 /* TestMap.swift */,
				A81C6C382AAFB25F00ECEA9D /* MapboxCommon.xcframework */,
				A81C6C392AAFB25F00ECEA9D /* MapboxCoreMaps.xcframework */,
				A81C6C372AAFB25F00ECEA9D /* MapboxMaps.xcframework */,
				A81C6C3A2AAFB25F00ECEA9D /* MapboxMobileEvents.xcframework */,
				A81C6C3B2AAFB25F00ECEA9D /* Turf.xcframework */,
			);
			path = Lame5;
			sourceTree = "<group>";
		};
		A86B23962AA7C45500B25F6E /* Preview Content */ = {
			isa = PBXGroup;
			children = (
				A86B23972AA7C45500B25F6E /* Preview Assets.xcassets */,
			);
			path = "Preview Content";
			sourceTree = "<group>";
		};
/* End PBXGroup section */

/* Begin PBXNativeTarget section */
		A86B238C2AA7C45400B25F6E /* Lame5 */ = {
			isa = PBXNativeTarget;
			buildConfigurationList = A86B23B62AA7C45500B25F6E /* Build configuration list for PBXNativeTarget "Lame5" */;
			buildPhases = (
				A86B23892AA7C45400B25F6E /* Sources */,
				A86B238A2AA7C45400B25F6E /* Frameworks */,
				A86B238B2AA7C45400B25F6E /* Resources */,
				A84E96B22AACBBE100AC6669 /* Embed Frameworks */,
			);
			buildRules = (
			);
			dependencies = (
			);
			name = Lame5;
			productName = Lame5;
			productReference = A86B238D2AA7C45400B25F6E /* Lame5.app */;
			productType = "com.apple.product-type.application";
		};
/* End PBXNativeTarget section */

/* Begin PBXProject section */
		A86B23852AA7C45400B25F6E /* Project object */ = {
			isa = PBXProject;
			attributes = {
				BuildIndependentTargetsInParallel = 1;
				LastSwiftUpdateCheck = 1500;
				LastUpgradeCheck = 1500;
				TargetAttributes = {
					A86B238C2AA7C45400B25F6E = {
						CreatedOnToolsVersion = 15.0;
					};
				};
			};
			buildConfigurationList = A86B23882AA7C45400B25F6E /* Build configuration list for PBXProject "Lame5" */;
			compatibilityVersion = "Xcode 14.0";
			developmentRegion = en;
			hasScannedForEncodings = 0;
			knownRegions = (
				en,
				Base,
			);
			mainGroup = A86B23842AA7C45400B25F6E;
			packageReferences = (
				A85CE9402AAC0F1800837AB2 /* XCRemoteSwiftPackageReference "mapbox-maps-ios" */,
				A85CE9432AAC188800837AB2 /* XCLocalSwiftPackageReference "../../../Downloads/mapbox-maps-ios-main" */,
			);
			productRefGroup = A86B238E2AA7C45400B25F6E /* Products */;
			projectDirPath = "";
			projectRoot = "";
			targets = (
				A86B238C2AA7C45400B25F6E /* Lame5 */,
			);
		};
/* End PBXProject section */

/* Begin PBXResourcesBuildPhase section */
		A86B238B2AA7C45400B25F6E /* Resources */ = {
			isa = PBXResourcesBuildPhase;
			buildActionMask = 2147483647;
			files = (
				A86B23982AA7C45500B25F6E /* Preview Assets.xcassets in Resources */,
				A86B23952AA7C45500B25F6E /* Assets.xcassets in Resources */,
			);
			runOnlyForDeploymentPostprocessing = 0;
		};
/* End PBXResourcesBuildPhase section */

/* Begin PBXSourcesBuildPhase section */
		A86B23892AA7C45400B25F6E /* Sources */ = {
			isa = PBXSourcesBuildPhase;
			buildActionMask = 2147483647;
			files = (
				A85CE9422AAC130F00837AB2 /* MapBoxView.swift in Sources */,
				A806CDDC2AAB85160003092A /* JoyStickView.swift in Sources */,
				A803A00C2AA7F8F3008F587E /* PersistenceController.swift in Sources */,
				A8531E652AA9172C006E498C /* GPSDataModel.xcdatamodeld in Sources */,
				A806CDDA2AAB84700003092A /* ContentView.swift in Sources */,
				A806CDD82AAB81D50003092A /* EditView.swift in Sources */,
				A806CDE02AABC4B00003092A /* PreferencesView.swift in Sources */,
				A81C6C422AAFB2BD00ECEA9D /* LAME5App.swift in Sources */,
				A803A0082AA7E07F008F587E /* CoreDataManager.swift in Sources */,
				A806CDDE2AAB87370003092A /* MapView.swift in Sources */,
				A8F92AB32AACBEE9007DACB5 /* TestMap.swift in Sources */,
				A803A00A2AA7E0E8008F587E /* GPSDataListView.swift in Sources */,
			);
			runOnlyForDeploymentPostprocessing = 0;
		};
/* End PBXSourcesBuildPhase section */

/* Begin XCBuildConfiguration section */
		A86B23B42AA7C45500B25F6E /* Debug */ = {
			isa = XCBuildConfiguration;
			buildSettings = {
				ALWAYS_SEARCH_USER_PATHS = NO;
				ASSETCATALOG_COMPILER_GENERATE_SWIFT_ASSET_SYMBOL_EXTENSIONS = YES;
				CLANG_ANALYZER_NONNULL = YES;
				CLANG_ANALYZER_NUMBER_OBJECT_CONVERSION = YES_AGGRESSIVE;
				CLANG_CXX_LANGUAGE_STANDARD = "gnu++20";
				CLANG_ENABLE_MODULES = YES;
				CLANG_ENABLE_OBJC_ARC = YES;
				CLANG_ENABLE_OBJC_WEAK = YES;
				CLANG_WARN_BLOCK_CAPTURE_AUTORELEASING = YES;
				CLANG_WARN_BOOL_CONVERSION = YES;
				CLANG_WARN_COMMA = YES;
				CLANG_WARN_CONSTANT_CONVERSION = YES;
				CLANG_WARN_DEPRECATED_OBJC_IMPLEMENTATIONS = YES;
				CLANG_WARN_DIRECT_OBJC_ISA_USAGE = YES_ERROR;
				CLANG_WARN_DOCUMENTATION_COMMENTS = YES;
				CLANG_WARN_EMPTY_BODY = YES;
				CLANG_WARN_ENUM_CONVERSION = YES;
				CLANG_WARN_INFINITE_RECURSION = YES;
				CLANG_WARN_INT_CONVERSION = YES;
				CLANG_WARN_NON_LITERAL_NULL_CONVERSION = YES;
				CLANG_WARN_OBJC_IMPLICIT_RETAIN_SELF = YES;
				CLANG_WARN_OBJC_LITERAL_CONVERSION = YES;
				CLANG_WARN_OBJC_ROOT_CLASS = YES_ERROR;
				CLANG_WARN_QUOTED_INCLUDE_IN_FRAMEWORK_HEADER = YES;
				CLANG_WARN_RANGE_LOOP_ANALYSIS = YES;
				CLANG_WARN_STRICT_PROTOTYPES = YES;
				CLANG_WARN_SUSPICIOUS_MOVE = YES;
				CLANG_WARN_UNGUARDED_AVAILABILITY = YES_AGGRESSIVE;
				CLANG_WARN_UNREACHABLE_CODE = YES;
				CLANG_WARN__DUPLICATE_METHOD_MATCH = YES;
				COPY_PHASE_STRIP = NO;
				DEBUG_INFORMATION_FORMAT = dwarf;
				ENABLE_STRICT_OBJC_MSGSEND = YES;
				ENABLE_TESTABILITY = YES;
				ENABLE_USER_SCRIPT_SANDBOXING = YES;
				FRAMEWORK_SEARCH_PATHS = /Users/roontoon/Documents/GitHubLocalRepository/LAME5/Lame5;
				GCC_C_LANGUAGE_STANDARD = gnu17;
				GCC_DYNAMIC_NO_PIC = NO;
				GCC_NO_COMMON_BLOCKS = YES;
				GCC_OPTIMIZATION_LEVEL = 0;
				GCC_PREPROCESSOR_DEFINITIONS = (
					"DEBUG=1",
					"$(inherited)",
				);
				GCC_WARN_64_TO_32_BIT_CONVERSION = YES;
				GCC_WARN_ABOUT_RETURN_TYPE = YES_ERROR;
				GCC_WARN_UNDECLARED_SELECTOR = YES;
				GCC_WARN_UNINITIALIZED_AUTOS = YES_AGGRESSIVE;
				GCC_WARN_UNUSED_FUNCTION = YES;
				GCC_WARN_UNUSED_VARIABLE = YES;
				IPHONEOS_DEPLOYMENT_TARGET = 17.0;
				LOCALIZATION_PREFERS_STRING_CATALOGS = YES;
				MTL_ENABLE_DEBUG_INFO = INCLUDE_SOURCE;
				MTL_FAST_MATH = YES;
				ONLY_ACTIVE_ARCH = YES;
				SDKROOT = iphoneos;
				SWIFT_ACTIVE_COMPILATION_CONDITIONS = "DEBUG $(inherited)";
				SWIFT_OPTIMIZATION_LEVEL = "-Onone";
			};
			name = Debug;
		};
		A86B23B52AA7C45500B25F6E /* Release */ = {
			isa = XCBuildConfiguration;
			buildSettings = {
				ALWAYS_SEARCH_USER_PATHS = NO;
				ASSETCATALOG_COMPILER_GENERATE_SWIFT_ASSET_SYMBOL_EXTENSIONS = YES;
				CLANG_ANALYZER_NONNULL = YES;
				CLANG_ANALYZER_NUMBER_OBJECT_CONVERSION = YES_AGGRESSIVE;
				CLANG_CXX_LANGUAGE_STANDARD = "gnu++20";
				CLANG_ENABLE_MODULES = YES;
				CLANG_ENABLE_OBJC_ARC = YES;
				CLANG_ENABLE_OBJC_WEAK = YES;
				CLANG_WARN_BLOCK_CAPTURE_AUTORELEASING = YES;
				CLANG_WARN_BOOL_CONVERSION = YES;
				CLANG_WARN_COMMA = YES;
				CLANG_WARN_CONSTANT_CONVERSION = YES;
				CLANG_WARN_DEPRECATED_OBJC_IMPLEMENTATIONS = YES;
				CLANG_WARN_DIRECT_OBJC_ISA_USAGE = YES_ERROR;
				CLANG_WARN_DOCUMENTATION_COMMENTS = YES;
				CLANG_WARN_EMPTY_BODY = YES;
				CLANG_WARN_ENUM_CONVERSION = YES;
				CLANG_WARN_INFINITE_RECURSION = YES;
				CLANG_WARN_INT_CONVERSION = YES;
				CLANG_WARN_NON_LITERAL_NULL_CONVERSION = YES;
				CLANG_WARN_OBJC_IMPLICIT_RETAIN_SELF = YES;
				CLANG_WARN_OBJC_LITERAL_CONVERSION = YES;
				CLANG_WARN_OBJC_ROOT_CLASS = YES_ERROR;
				CLANG_WARN_QUOTED_INCLUDE_IN_FRAMEWORK_HEADER = YES;
				CLANG_WARN_RANGE_LOOP_ANALYSIS = YES;
				CLANG_WARN_STRICT_PROTOTYPES = YES;
				CLANG_WARN_SUSPICIOUS_MOVE = YES;
				CLANG_WARN_UNGUARDED_AVAILABILITY = YES_AGGRESSIVE;
				CLANG_WARN_UNREACHABLE_CODE = YES;
				CLANG_WARN__DUPLICATE_METHOD_MATCH = YES;
				COPY_PHASE_STRIP = NO;
				DEBUG_INFORMATION_FORMAT = "dwarf-with-dsym";
				ENABLE_NS_ASSERTIONS = NO;
				ENABLE_STRICT_OBJC_MSGSEND = YES;
				ENABLE_USER_SCRIPT_SANDBOXING = YES;
				FRAMEWORK_SEARCH_PATHS = /Users/roontoon/Documents/GitHubLocalRepository/LAME5/Lame5;
				GCC_C_LANGUAGE_STANDARD = gnu17;
				GCC_NO_COMMON_BLOCKS = YES;
				GCC_WARN_64_TO_32_BIT_CONVERSION = YES;
				GCC_WARN_ABOUT_RETURN_TYPE = YES_ERROR;
				GCC_WARN_UNDECLARED_SELECTOR = YES;
				GCC_WARN_UNINITIALIZED_AUTOS = YES_AGGRESSIVE;
				GCC_WARN_UNUSED_FUNCTION = YES;
				GCC_WARN_UNUSED_VARIABLE = YES;
				IPHONEOS_DEPLOYMENT_TARGET = 17.0;
				LOCALIZATION_PREFERS_STRING_CATALOGS = YES;
				MTL_ENABLE_DEBUG_INFO = NO;
				MTL_FAST_MATH = YES;
				SDKROOT = iphoneos;
				SWIFT_COMPILATION_MODE = wholemodule;
				VALIDATE_PRODUCT = YES;
			};
			name = Release;
		};
		A86B23B72AA7C45500B25F6E /* Debug */ = {
			isa = XCBuildConfiguration;
			buildSettings = {
				ASSETCATALOG_COMPILER_APPICON_NAME = AppIcon;
				ASSETCATALOG_COMPILER_GLOBAL_ACCENT_COLOR_NAME = AccentColor;
				CODE_SIGN_STYLE = Automatic;
				CURRENT_PROJECT_VERSION = 1;
				DEVELOPMENT_ASSET_PATHS = "\"Lame5/Preview Content\"";
				DEVELOPMENT_TEAM = PD5U6R7BH5;
				ENABLE_PREVIEWS = YES;
				GENERATE_INFOPLIST_FILE = YES;
				INFOPLIST_FILE = Lame5/Info.plist;
				INFOPLIST_KEY_UIApplicationSceneManifest_Generation = YES;
				INFOPLIST_KEY_UIApplicationSupportsIndirectInputEvents = YES;
				INFOPLIST_KEY_UILaunchScreen_Generation = YES;
				INFOPLIST_KEY_UISupportedInterfaceOrientations_iPad = "UIInterfaceOrientationPortrait UIInterfaceOrientationPortraitUpsideDown UIInterfaceOrientationLandscapeLeft UIInterfaceOrientationLandscapeRight";
				INFOPLIST_KEY_UISupportedInterfaceOrientations_iPhone = "UIInterfaceOrientationPortrait UIInterfaceOrientationLandscapeLeft UIInterfaceOrientationLandscapeRight";
				LD_RUNPATH_SEARCH_PATHS = (
					"$(inherited)",
					"@executable_path/Frameworks",
				);
				MARKETING_VERSION = 1.0;
				PRODUCT_BUNDLE_IDENTIFIER = "roontoon.Lame-5";
				PRODUCT_NAME = "$(TARGET_NAME)";
				SWIFT_EMIT_LOC_STRINGS = YES;
				SWIFT_VERSION = 5.0;
				TARGETED_DEVICE_FAMILY = "1,2";
			};
			name = Debug;
		};
		A86B23B82AA7C45500B25F6E /* Release */ = {
			isa = XCBuildConfiguration;
			buildSettings = {
				ASSETCATALOG_COMPILER_APPICON_NAME = AppIcon;
				ASSETCATALOG_COMPILER_GLOBAL_ACCENT_COLOR_NAME = AccentColor;
				CODE_SIGN_STYLE = Automatic;
				CURRENT_PROJECT_VERSION = 1;
				DEVELOPMENT_ASSET_PATHS = "\"Lame5/Preview Content\"";
				DEVELOPMENT_TEAM = PD5U6R7BH5;
				ENABLE_PREVIEWS = YES;
				GENERATE_INFOPLIST_FILE = YES;
				INFOPLIST_FILE = Lame5/Info.plist;
				INFOPLIST_KEY_UIApplicationSceneManifest_Generation = YES;
				INFOPLIST_KEY_UIApplicationSupportsIndirectInputEvents = YES;
				INFOPLIST_KEY_UILaunchScreen_Generation = YES;
				INFOPLIST_KEY_UISupportedInterfaceOrientations_iPad = "UIInterfaceOrientationPortrait UIInterfaceOrientationPortraitUpsideDown UIInterfaceOrientationLandscapeLeft UIInterfaceOrientationLandscapeRight";
				INFOPLIST_KEY_UISupportedInterfaceOrientations_iPhone = "UIInterfaceOrientationPortrait UIInterfaceOrientationLandscapeLeft UIInterfaceOrientationLandscapeRight";
				LD_RUNPATH_SEARCH_PATHS = (
					"$(inherited)",
					"@executable_path/Frameworks",
				);
				MARKETING_VERSION = 1.0;
				PRODUCT_BUNDLE_IDENTIFIER = "roontoon.Lame-5";
				PRODUCT_NAME = "$(TARGET_NAME)";
				SWIFT_EMIT_LOC_STRINGS = YES;
				SWIFT_VERSION = 5.0;
				TARGETED_DEVICE_FAMILY = "1,2";
			};
			name = Release;
		};
/* End XCBuildConfiguration section */

/* Begin XCConfigurationList section */
		A86B23882AA7C45400B25F6E /* Build configuration list for PBXProject "Lame5" */ = {
			isa = XCConfigurationList;
			buildConfigurations = (
				A86B23B42AA7C45500B25F6E /* Debug */,
				A86B23B52AA7C45500B25F6E /* Release */,
			);
			defaultConfigurationIsVisible = 0;
			defaultConfigurationName = Release;
		};
		A86B23B62AA7C45500B25F6E /* Build configuration list for PBXNativeTarget "Lame5" */ = {
			isa = XCConfigurationList;
			buildConfigurations = (
				A86B23B72AA7C45500B25F6E /* Debug */,
				A86B23B82AA7C45500B25F6E /* Release */,
			);
			defaultConfigurationIsVisible = 0;
			defaultConfigurationName = Release;
		};
/* End XCConfigurationList section */

/* Begin XCLocalSwiftPackageReference section */
		A85CE9432AAC188800837AB2 /* XCLocalSwiftPackageReference "../../../Downloads/mapbox-maps-ios-main" */ = {
			isa = XCLocalSwiftPackageReference;
			relativePath = "../../../Downloads/mapbox-maps-ios-main";
		};
/* End XCLocalSwiftPackageReference section */

/* Begin XCRemoteSwiftPackageReference section */
		A85CE9402AAC0F1800837AB2 /* XCRemoteSwiftPackageReference "mapbox-maps-ios" */ = {
			isa = XCRemoteSwiftPackageReference;
			repositoryURL = "https://github.com/mapbox/mapbox-maps-ios.git";
			requirement = {
				branch = main;
				kind = branch;
			};
		};
/* End XCRemoteSwiftPackageReference section */

/* Begin XCVersionGroup section */
		A86B239B2AA7C45500B25F6E /* GPSDataModel.xcdatamodeld */ = {
			isa = XCVersionGroup;
			children = (
				A86B239C2AA7C45500B25F6E /* Lame5.xcdatamodel */,
			);
			currentVersion = A86B239C2AA7C45500B25F6E /* Lame5.xcdatamodel */;
			path = GPSDataModel.xcdatamodeld;
			sourceTree = "<group>";
			usesTabs = 0;
			versionGroupType = wrapper.xcdatamodel;
		};
/* End XCVersionGroup section */
	};
	rootObject = A86B23852AA7C45400B25F6E /* Project object */;
}
