// !$*UTF8*$!
{
	archiveVersion = 1;
	classes = {
	};
	objectVersion = 56;
	objects = {

/* Begin PBXBuildFile section */
		A81C6C502AAFB66D00ECEA9D /* LAME_RTKApp.swift in Sources */ = {isa = PBXBuildFile; fileRef = A81C6C4F2AAFB66D00ECEA9D /* LAME_RTKApp.swift */; };
		A81C6C522AAFB66D00ECEA9D /* ContentView.swift in Sources */ = {isa = PBXBuildFile; fileRef = A81C6C512AAFB66D00ECEA9D /* ContentView.swift */; };
		A81C6C542AAFB66E00ECEA9D /* Assets.xcassets in Resources */ = {isa = PBXBuildFile; fileRef = A81C6C532AAFB66E00ECEA9D /* Assets.xcassets */; };
		A81C6C572AAFB66E00ECEA9D /* Preview Assets.xcassets in Resources */ = {isa = PBXBuildFile; fileRef = A81C6C562AAFB66E00ECEA9D /* Preview Assets.xcassets */; };
		A81C6C612AAFB66E00ECEA9D /* LAME_RTKTests.swift in Sources */ = {isa = PBXBuildFile; fileRef = A81C6C602AAFB66E00ECEA9D /* LAME_RTKTests.swift */; };
		A81C6C6B2AAFB66E00ECEA9D /* LAME_RTKUITests.swift in Sources */ = {isa = PBXBuildFile; fileRef = A81C6C6A2AAFB66E00ECEA9D /* LAME_RTKUITests.swift */; };
		A81C6C6D2AAFB66E00ECEA9D /* LAME_RTKUITestsLaunchTests.swift in Sources */ = {isa = PBXBuildFile; fileRef = A81C6C6C2AAFB66E00ECEA9D /* LAME_RTKUITestsLaunchTests.swift */; };
		A863ED652AAFD07200C7DF64 /* CoreDataManager.swift in Sources */ = {isa = PBXBuildFile; fileRef = A863ED642AAFD07200C7DF64 /* CoreDataManager.swift */; };
		A863ED7E2AB0091F00C7DF64 /* Editview.swift in Sources */ = {isa = PBXBuildFile; fileRef = A863ED7D2AB0091F00C7DF64 /* Editview.swift */; };
		A863ED802AB0097000C7DF64 /* GPSDataView.swift in Sources */ = {isa = PBXBuildFile; fileRef = A863ED7F2AB0097000C7DF64 /* GPSDataView.swift */; };
		A863ED822AB009C000C7DF64 /* JoyStickView.swift in Sources */ = {isa = PBXBuildFile; fileRef = A863ED812AB009C000C7DF64 /* JoyStickView.swift */; };
		A863ED842AB009FC00C7DF64 /* MapBoxView.swift in Sources */ = {isa = PBXBuildFile; fileRef = A863ED832AB009FC00C7DF64 /* MapBoxView.swift */; };
		A863ED862AB00A5700C7DF64 /* Persistence.swift in Sources */ = {isa = PBXBuildFile; fileRef = A863ED852AB00A5700C7DF64 /* Persistence.swift */; };
		A863ED882AB00AB100C7DF64 /* PersistenceController.swift in Sources */ = {isa = PBXBuildFile; fileRef = A863ED872AB00AB100C7DF64 /* PersistenceController.swift */; };
		A863ED8A2AB00AF700C7DF64 /* PreferencesView.swift in Sources */ = {isa = PBXBuildFile; fileRef = A863ED892AB00AF700C7DF64 /* PreferencesView.swift */; };
		A863ED8C2AB00B3200C7DF64 /* MapView.swift in Sources */ = {isa = PBXBuildFile; fileRef = A863ED8B2AB00B3200C7DF64 /* MapView.swift */; };
		A863ED8E2AB00B6A00C7DF64 /* TestMap.swift in Sources */ = {isa = PBXBuildFile; fileRef = A863ED8D2AB00B6A00C7DF64 /* TestMap.swift */; };
		A863ED942AB00D2A00C7DF64 /* Turf.xcframework in Frameworks */ = {isa = PBXBuildFile; fileRef = A863ED8F2AB00D2A00C7DF64 /* Turf.xcframework */; };
		A863ED952AB00D2A00C7DF64 /* MapboxMaps.xcframework in Frameworks */ = {isa = PBXBuildFile; fileRef = A863ED902AB00D2A00C7DF64 /* MapboxMaps.xcframework */; };
		A863ED962AB00D2A00C7DF64 /* MapboxMobileEvents.xcframework in Frameworks */ = {isa = PBXBuildFile; fileRef = A863ED912AB00D2A00C7DF64 /* MapboxMobileEvents.xcframework */; };
		A863ED972AB00D2A00C7DF64 /* MapboxCoreMaps.xcframework in Frameworks */ = {isa = PBXBuildFile; fileRef = A863ED922AB00D2A00C7DF64 /* MapboxCoreMaps.xcframework */; };
		A863ED982AB00D2A00C7DF64 /* MapboxCommon.xcframework in Frameworks */ = {isa = PBXBuildFile; fileRef = A863ED932AB00D2A00C7DF64 /* MapboxCommon.xcframework */; };
/* End PBXBuildFile section */

/* Begin PBXContainerItemProxy section */
		A81C6C5D2AAFB66E00ECEA9D /* PBXContainerItemProxy */ = {
			isa = PBXContainerItemProxy;
			containerPortal = A81C6C442AAFB66D00ECEA9D /* Project object */;
			proxyType = 1;
			remoteGlobalIDString = A81C6C4B2AAFB66D00ECEA9D;
			remoteInfo = LAME_RTK;
		};
		A81C6C672AAFB66E00ECEA9D /* PBXContainerItemProxy */ = {
			isa = PBXContainerItemProxy;
			containerPortal = A81C6C442AAFB66D00ECEA9D /* Project object */;
			proxyType = 1;
			remoteGlobalIDString = A81C6C4B2AAFB66D00ECEA9D;
			remoteInfo = LAME_RTK;
		};
/* End PBXContainerItemProxy section */

/* Begin PBXFileReference section */
		A81C6C4C2AAFB66D00ECEA9D /* LAME_RTK.app */ = {isa = PBXFileReference; explicitFileType = wrapper.application; includeInIndex = 0; path = LAME_RTK.app; sourceTree = BUILT_PRODUCTS_DIR; };
		A81C6C4F2AAFB66D00ECEA9D /* LAME_RTKApp.swift */ = {isa = PBXFileReference; lastKnownFileType = sourcecode.swift; path = LAME_RTKApp.swift; sourceTree = "<group>"; };
		A81C6C512AAFB66D00ECEA9D /* ContentView.swift */ = {isa = PBXFileReference; lastKnownFileType = sourcecode.swift; path = ContentView.swift; sourceTree = "<group>"; };
		A81C6C532AAFB66E00ECEA9D /* Assets.xcassets */ = {isa = PBXFileReference; lastKnownFileType = folder.assetcatalog; path = Assets.xcassets; sourceTree = "<group>"; };
		A81C6C562AAFB66E00ECEA9D /* Preview Assets.xcassets */ = {isa = PBXFileReference; lastKnownFileType = folder.assetcatalog; path = "Preview Assets.xcassets"; sourceTree = "<group>"; };
		A81C6C5C2AAFB66E00ECEA9D /* LAME_RTKTests.xctest */ = {isa = PBXFileReference; explicitFileType = wrapper.cfbundle; includeInIndex = 0; path = LAME_RTKTests.xctest; sourceTree = BUILT_PRODUCTS_DIR; };
		A81C6C602AAFB66E00ECEA9D /* LAME_RTKTests.swift */ = {isa = PBXFileReference; lastKnownFileType = sourcecode.swift; path = LAME_RTKTests.swift; sourceTree = "<group>"; };
		A81C6C662AAFB66E00ECEA9D /* LAME_RTKUITests.xctest */ = {isa = PBXFileReference; explicitFileType = wrapper.cfbundle; includeInIndex = 0; path = LAME_RTKUITests.xctest; sourceTree = BUILT_PRODUCTS_DIR; };
		A81C6C6A2AAFB66E00ECEA9D /* LAME_RTKUITests.swift */ = {isa = PBXFileReference; lastKnownFileType = sourcecode.swift; path = LAME_RTKUITests.swift; sourceTree = "<group>"; };
		A81C6C6C2AAFB66E00ECEA9D /* LAME_RTKUITestsLaunchTests.swift */ = {isa = PBXFileReference; lastKnownFileType = sourcecode.swift; path = LAME_RTKUITestsLaunchTests.swift; sourceTree = "<group>"; };
		A863ED642AAFD07200C7DF64 /* CoreDataManager.swift */ = {isa = PBXFileReference; lastKnownFileType = sourcecode.swift; name = CoreDataManager.swift; path = "../../../../Library/Mobile Documents/.Trash/LAME_RTK/LAME_RTK/CoreDataManager.swift"; sourceTree = "<group>"; };
		A863ED7D2AB0091F00C7DF64 /* Editview.swift */ = {isa = PBXFileReference; lastKnownFileType = sourcecode.swift; path = Editview.swift; sourceTree = "<group>"; };
		A863ED7F2AB0097000C7DF64 /* GPSDataView.swift */ = {isa = PBXFileReference; lastKnownFileType = sourcecode.swift; path = GPSDataView.swift; sourceTree = "<group>"; };
		A863ED812AB009C000C7DF64 /* JoyStickView.swift */ = {isa = PBXFileReference; lastKnownFileType = sourcecode.swift; path = JoyStickView.swift; sourceTree = "<group>"; };
		A863ED832AB009FC00C7DF64 /* MapBoxView.swift */ = {isa = PBXFileReference; lastKnownFileType = sourcecode.swift; path = MapBoxView.swift; sourceTree = "<group>"; };
		A863ED852AB00A5700C7DF64 /* Persistence.swift */ = {isa = PBXFileReference; lastKnownFileType = sourcecode.swift; path = Persistence.swift; sourceTree = "<group>"; };
		A863ED872AB00AB100C7DF64 /* PersistenceController.swift */ = {isa = PBXFileReference; lastKnownFileType = sourcecode.swift; path = PersistenceController.swift; sourceTree = "<group>"; };
		A863ED892AB00AF700C7DF64 /* PreferencesView.swift */ = {isa = PBXFileReference; lastKnownFileType = sourcecode.swift; path = PreferencesView.swift; sourceTree = "<group>"; };
		A863ED8B2AB00B3200C7DF64 /* MapView.swift */ = {isa = PBXFileReference; lastKnownFileType = sourcecode.swift; path = MapView.swift; sourceTree = "<group>"; };
		A863ED8D2AB00B6A00C7DF64 /* TestMap.swift */ = {isa = PBXFileReference; lastKnownFileType = sourcecode.swift; path = TestMap.swift; sourceTree = "<group>"; };
		A863ED8F2AB00D2A00C7DF64 /* Turf.xcframework */ = {isa = PBXFileReference; lastKnownFileType = wrapper.xcframework; name = Turf.xcframework; path = "../../../../Downloads/artifacts 2/Turf.xcframework"; sourceTree = "<group>"; };
		A863ED902AB00D2A00C7DF64 /* MapboxMaps.xcframework */ = {isa = PBXFileReference; lastKnownFileType = wrapper.xcframework; name = MapboxMaps.xcframework; path = "../../../../Downloads/artifacts 2/MapboxMaps.xcframework"; sourceTree = "<group>"; };
		A863ED912AB00D2A00C7DF64 /* MapboxMobileEvents.xcframework */ = {isa = PBXFileReference; lastKnownFileType = wrapper.xcframework; name = MapboxMobileEvents.xcframework; path = "../../../../Downloads/artifacts 2/MapboxMobileEvents.xcframework"; sourceTree = "<group>"; };
		A863ED922AB00D2A00C7DF64 /* MapboxCoreMaps.xcframework */ = {isa = PBXFileReference; lastKnownFileType = wrapper.xcframework; name = MapboxCoreMaps.xcframework; path = "../../../../Downloads/artifacts 2/MapboxCoreMaps.xcframework"; sourceTree = "<group>"; };
		A863ED932AB00D2A00C7DF64 /* MapboxCommon.xcframework */ = {isa = PBXFileReference; lastKnownFileType = wrapper.xcframework; name = MapboxCommon.xcframework; path = "../../../../Downloads/artifacts 2/MapboxCommon.xcframework"; sourceTree = "<group>"; };
/* End PBXFileReference section */

/* Begin PBXFrameworksBuildPhase section */
		A81C6C492AAFB66D00ECEA9D /* Frameworks */ = {
			isa = PBXFrameworksBuildPhase;
			buildActionMask = 2147483647;
			files = (
				A863ED942AB00D2A00C7DF64 /* Turf.xcframework in Frameworks */,
				A863ED982AB00D2A00C7DF64 /* MapboxCommon.xcframework in Frameworks */,
				A863ED952AB00D2A00C7DF64 /* MapboxMaps.xcframework in Frameworks */,
				A863ED972AB00D2A00C7DF64 /* MapboxCoreMaps.xcframework in Frameworks */,
				A863ED962AB00D2A00C7DF64 /* MapboxMobileEvents.xcframework in Frameworks */,
			);
			runOnlyForDeploymentPostprocessing = 0;
		};
		A81C6C592AAFB66E00ECEA9D /* Frameworks */ = {
			isa = PBXFrameworksBuildPhase;
			buildActionMask = 2147483647;
			files = (
			);
			runOnlyForDeploymentPostprocessing = 0;
		};
		A81C6C632AAFB66E00ECEA9D /* Frameworks */ = {
			isa = PBXFrameworksBuildPhase;
			buildActionMask = 2147483647;
			files = (
			);
			runOnlyForDeploymentPostprocessing = 0;
		};
/* End PBXFrameworksBuildPhase section */

/* Begin PBXGroup section */
		A81C6C432AAFB66D00ECEA9D = {
			isa = PBXGroup;
			children = (
				A81C6C4E2AAFB66D00ECEA9D /* LAME_RTK */,
				A81C6C5F2AAFB66E00ECEA9D /* LAME_RTKTests */,
				A81C6C692AAFB66E00ECEA9D /* LAME_RTKUITests */,
				A81C6C4D2AAFB66D00ECEA9D /* Products */,
			);
			sourceTree = "<group>";
		};
		A81C6C4D2AAFB66D00ECEA9D /* Products */ = {
			isa = PBXGroup;
			children = (
				A81C6C4C2AAFB66D00ECEA9D /* LAME_RTK.app */,
				A81C6C5C2AAFB66E00ECEA9D /* LAME_RTKTests.xctest */,
				A81C6C662AAFB66E00ECEA9D /* LAME_RTKUITests.xctest */,
			);
			name = Products;
			sourceTree = "<group>";
		};
		A81C6C4E2AAFB66D00ECEA9D /* LAME_RTK */ = {
			isa = PBXGroup;
			children = (
				A81C6C4F2AAFB66D00ECEA9D /* LAME_RTKApp.swift */,
				A81C6C512AAFB66D00ECEA9D /* ContentView.swift */,
				A81C6C532AAFB66E00ECEA9D /* Assets.xcassets */,
				A81C6C552AAFB66E00ECEA9D /* Preview Content */,
				A863ED642AAFD07200C7DF64 /* CoreDataManager.swift */,
				A863ED7D2AB0091F00C7DF64 /* Editview.swift */,
				A863ED7F2AB0097000C7DF64 /* GPSDataView.swift */,
				A863ED812AB009C000C7DF64 /* JoyStickView.swift */,
				A863ED832AB009FC00C7DF64 /* MapBoxView.swift */,
				A863ED852AB00A5700C7DF64 /* Persistence.swift */,
				A863ED872AB00AB100C7DF64 /* PersistenceController.swift */,
				A863ED892AB00AF700C7DF64 /* PreferencesView.swift */,
				A863ED8B2AB00B3200C7DF64 /* MapView.swift */,
				A863ED8D2AB00B6A00C7DF64 /* TestMap.swift */,
				A863ED932AB00D2A00C7DF64 /* MapboxCommon.xcframework */,
				A863ED922AB00D2A00C7DF64 /* MapboxCoreMaps.xcframework */,
				A863ED902AB00D2A00C7DF64 /* MapboxMaps.xcframework */,
				A863ED912AB00D2A00C7DF64 /* MapboxMobileEvents.xcframework */,
				A863ED8F2AB00D2A00C7DF64 /* Turf.xcframework */,
			);
			path = LAME_RTK;
			sourceTree = "<group>";
		};
		A81C6C552AAFB66E00ECEA9D /* Preview Content */ = {
			isa = PBXGroup;
			children = (
				A81C6C562AAFB66E00ECEA9D /* Preview Assets.xcassets */,
			);
			path = "Preview Content";
			sourceTree = "<group>";
		};
		A81C6C5F2AAFB66E00ECEA9D /* LAME_RTKTests */ = {
			isa = PBXGroup;
			children = (
				A81C6C602AAFB66E00ECEA9D /* LAME_RTKTests.swift */,
			);
			path = LAME_RTKTests;
			sourceTree = "<group>";
		};
		A81C6C692AAFB66E00ECEA9D /* LAME_RTKUITests */ = {
			isa = PBXGroup;
			children = (
				A81C6C6A2AAFB66E00ECEA9D /* LAME_RTKUITests.swift */,
				A81C6C6C2AAFB66E00ECEA9D /* LAME_RTKUITestsLaunchTests.swift */,
			);
			path = LAME_RTKUITests;
			sourceTree = "<group>";
		};
/* End PBXGroup section */

/* Begin PBXNativeTarget section */
		A81C6C4B2AAFB66D00ECEA9D /* LAME_RTK */ = {
			isa = PBXNativeTarget;
			buildConfigurationList = A81C6C702AAFB66E00ECEA9D /* Build configuration list for PBXNativeTarget "LAME_RTK" */;
			buildPhases = (
				A81C6C482AAFB66D00ECEA9D /* Sources */,
				A81C6C492AAFB66D00ECEA9D /* Frameworks */,
				A81C6C4A2AAFB66D00ECEA9D /* Resources */,
			);
			buildRules = (
			);
			dependencies = (
			);
			name = LAME_RTK;
			productName = LAME_RTK;
			productReference = A81C6C4C2AAFB66D00ECEA9D /* LAME_RTK.app */;
			productType = "com.apple.product-type.application";
		};
		A81C6C5B2AAFB66E00ECEA9D /* LAME_RTKTests */ = {
			isa = PBXNativeTarget;
			buildConfigurationList = A81C6C732AAFB66E00ECEA9D /* Build configuration list for PBXNativeTarget "LAME_RTKTests" */;
			buildPhases = (
				A81C6C582AAFB66E00ECEA9D /* Sources */,
				A81C6C592AAFB66E00ECEA9D /* Frameworks */,
				A81C6C5A2AAFB66E00ECEA9D /* Resources */,
			);
			buildRules = (
			);
			dependencies = (
				A81C6C5E2AAFB66E00ECEA9D /* PBXTargetDependency */,
			);
			name = LAME_RTKTests;
			productName = LAME_RTKTests;
			productReference = A81C6C5C2AAFB66E00ECEA9D /* LAME_RTKTests.xctest */;
			productType = "com.apple.product-type.bundle.unit-test";
		};
		A81C6C652AAFB66E00ECEA9D /* LAME_RTKUITests */ = {
			isa = PBXNativeTarget;
			buildConfigurationList = A81C6C762AAFB66E00ECEA9D /* Build configuration list for PBXNativeTarget "LAME_RTKUITests" */;
			buildPhases = (
				A81C6C622AAFB66E00ECEA9D /* Sources */,
				A81C6C632AAFB66E00ECEA9D /* Frameworks */,
				A81C6C642AAFB66E00ECEA9D /* Resources */,
			);
			buildRules = (
			);
			dependencies = (
				A81C6C682AAFB66E00ECEA9D /* PBXTargetDependency */,
			);
			name = LAME_RTKUITests;
			productName = LAME_RTKUITests;
			productReference = A81C6C662AAFB66E00ECEA9D /* LAME_RTKUITests.xctest */;
			productType = "com.apple.product-type.bundle.ui-testing";
		};
/* End PBXNativeTarget section */

/* Begin PBXProject section */
		A81C6C442AAFB66D00ECEA9D /* Project object */ = {
			isa = PBXProject;
			attributes = {
				BuildIndependentTargetsInParallel = 1;
				LastSwiftUpdateCheck = 1500;
				LastUpgradeCheck = 1500;
				TargetAttributes = {
					A81C6C4B2AAFB66D00ECEA9D = {
						CreatedOnToolsVersion = 15.0;
					};
					A81C6C5B2AAFB66E00ECEA9D = {
						CreatedOnToolsVersion = 15.0;
						TestTargetID = A81C6C4B2AAFB66D00ECEA9D;
					};
					A81C6C652AAFB66E00ECEA9D = {
						CreatedOnToolsVersion = 15.0;
						TestTargetID = A81C6C4B2AAFB66D00ECEA9D;
					};
				};
			};
			buildConfigurationList = A81C6C472AAFB66D00ECEA9D /* Build configuration list for PBXProject "LAME_RTK" */;
			compatibilityVersion = "Xcode 14.0";
			developmentRegion = en;
			hasScannedForEncodings = 0;
			knownRegions = (
				en,
				Base,
			);
			mainGroup = A81C6C432AAFB66D00ECEA9D;
			productRefGroup = A81C6C4D2AAFB66D00ECEA9D /* Products */;
			projectDirPath = "";
			projectRoot = "";
			targets = (
				A81C6C4B2AAFB66D00ECEA9D /* LAME_RTK */,
				A81C6C5B2AAFB66E00ECEA9D /* LAME_RTKTests */,
				A81C6C652AAFB66E00ECEA9D /* LAME_RTKUITests */,
			);
		};
/* End PBXProject section */

/* Begin PBXResourcesBuildPhase section */
		A81C6C4A2AAFB66D00ECEA9D /* Resources */ = {
			isa = PBXResourcesBuildPhase;
			buildActionMask = 2147483647;
			files = (
				A81C6C572AAFB66E00ECEA9D /* Preview Assets.xcassets in Resources */,
				A81C6C542AAFB66E00ECEA9D /* Assets.xcassets in Resources */,
			);
			runOnlyForDeploymentPostprocessing = 0;
		};
		A81C6C5A2AAFB66E00ECEA9D /* Resources */ = {
			isa = PBXResourcesBuildPhase;
			buildActionMask = 2147483647;
			files = (
			);
			runOnlyForDeploymentPostprocessing = 0;
		};
		A81C6C642AAFB66E00ECEA9D /* Resources */ = {
			isa = PBXResourcesBuildPhase;
			buildActionMask = 2147483647;
			files = (
			);
			runOnlyForDeploymentPostprocessing = 0;
		};
/* End PBXResourcesBuildPhase section */

/* Begin PBXSourcesBuildPhase section */
		A81C6C482AAFB66D00ECEA9D /* Sources */ = {
			isa = PBXSourcesBuildPhase;
			buildActionMask = 2147483647;
			files = (
				A863ED882AB00AB100C7DF64 /* PersistenceController.swift in Sources */,
				A863ED842AB009FC00C7DF64 /* MapBoxView.swift in Sources */,
				A863ED862AB00A5700C7DF64 /* Persistence.swift in Sources */,
				A863ED8C2AB00B3200C7DF64 /* MapView.swift in Sources */,
				A863ED652AAFD07200C7DF64 /* CoreDataManager.swift in Sources */,
				A81C6C522AAFB66D00ECEA9D /* ContentView.swift in Sources */,
				A863ED8E2AB00B6A00C7DF64 /* TestMap.swift in Sources */,
				A863ED8A2AB00AF700C7DF64 /* PreferencesView.swift in Sources */,
				A863ED822AB009C000C7DF64 /* JoyStickView.swift in Sources */,
				A863ED7E2AB0091F00C7DF64 /* Editview.swift in Sources */,
				A81C6C502AAFB66D00ECEA9D /* LAME_RTKApp.swift in Sources */,
				A863ED802AB0097000C7DF64 /* GPSDataView.swift in Sources */,
			);
			runOnlyForDeploymentPostprocessing = 0;
		};
		A81C6C582AAFB66E00ECEA9D /* Sources */ = {
			isa = PBXSourcesBuildPhase;
			buildActionMask = 2147483647;
			files = (
				A81C6C612AAFB66E00ECEA9D /* LAME_RTKTests.swift in Sources */,
			);
			runOnlyForDeploymentPostprocessing = 0;
		};
		A81C6C622AAFB66E00ECEA9D /* Sources */ = {
			isa = PBXSourcesBuildPhase;
			buildActionMask = 2147483647;
			files = (
				A81C6C6D2AAFB66E00ECEA9D /* LAME_RTKUITestsLaunchTests.swift in Sources */,
				A81C6C6B2AAFB66E00ECEA9D /* LAME_RTKUITests.swift in Sources */,
			);
			runOnlyForDeploymentPostprocessing = 0;
		};
/* End PBXSourcesBuildPhase section */

/* Begin PBXTargetDependency section */
		A81C6C5E2AAFB66E00ECEA9D /* PBXTargetDependency */ = {
			isa = PBXTargetDependency;
			target = A81C6C4B2AAFB66D00ECEA9D /* LAME_RTK */;
			targetProxy = A81C6C5D2AAFB66E00ECEA9D /* PBXContainerItemProxy */;
		};
		A81C6C682AAFB66E00ECEA9D /* PBXTargetDependency */ = {
			isa = PBXTargetDependency;
			target = A81C6C4B2AAFB66D00ECEA9D /* LAME_RTK */;
			targetProxy = A81C6C672AAFB66E00ECEA9D /* PBXContainerItemProxy */;
		};
/* End PBXTargetDependency section */

/* Begin XCBuildConfiguration section */
		A81C6C6E2AAFB66E00ECEA9D /* Debug */ = {
			isa = XCBuildConfiguration;
			buildSettings = {
				ALWAYS_SEARCH_USER_PATHS = NO;
				ASSETCATALOG_COMPILER_GENERATE_SWIFT_ASSET_SYMBOL_EXTENSIONS = YES;
				CLANG_ANALYZER_NONNULL = YES;
				CLANG_ANALYZER_NUMBER_OBJECT_CONVERSION = YES_AGGRESSIVE;
				CLANG_CXX_LANGUAGE_STANDARD = "gnu++20";
				CLANG_ENABLE_MODULES = YES;
				CLANG_ENABLE_OBJC_ARC = YES;
				CLANG_ENABLE_OBJC_WEAK = YES;
				CLANG_WARN_BLOCK_CAPTURE_AUTORELEASING = YES;
				CLANG_WARN_BOOL_CONVERSION = YES;
				CLANG_WARN_COMMA = YES;
				CLANG_WARN_CONSTANT_CONVERSION = YES;
				CLANG_WARN_DEPRECATED_OBJC_IMPLEMENTATIONS = YES;
				CLANG_WARN_DIRECT_OBJC_ISA_USAGE = YES_ERROR;
				CLANG_WARN_DOCUMENTATION_COMMENTS = YES;
				CLANG_WARN_EMPTY_BODY = YES;
				CLANG_WARN_ENUM_CONVERSION = YES;
				CLANG_WARN_INFINITE_RECURSION = YES;
				CLANG_WARN_INT_CONVERSION = YES;
				CLANG_WARN_NON_LITERAL_NULL_CONVERSION = YES;
				CLANG_WARN_OBJC_IMPLICIT_RETAIN_SELF = YES;
				CLANG_WARN_OBJC_LITERAL_CONVERSION = YES;
				CLANG_WARN_OBJC_ROOT_CLASS = YES_ERROR;
				CLANG_WARN_QUOTED_INCLUDE_IN_FRAMEWORK_HEADER = YES;
				CLANG_WARN_RANGE_LOOP_ANALYSIS = YES;
				CLANG_WARN_STRICT_PROTOTYPES = YES;
				CLANG_WARN_SUSPICIOUS_MOVE = YES;
				CLANG_WARN_UNGUARDED_AVAILABILITY = YES_AGGRESSIVE;
				CLANG_WARN_UNREACHABLE_CODE = YES;
				CLANG_WARN__DUPLICATE_METHOD_MATCH = YES;
				COPY_PHASE_STRIP = NO;
				DEBUG_INFORMATION_FORMAT = dwarf;
				ENABLE_STRICT_OBJC_MSGSEND = YES;
				ENABLE_TESTABILITY = YES;
				ENABLE_USER_SCRIPT_SANDBOXING = YES;
				GCC_C_LANGUAGE_STANDARD = gnu17;
				GCC_DYNAMIC_NO_PIC = NO;
				GCC_NO_COMMON_BLOCKS = YES;
				GCC_OPTIMIZATION_LEVEL = 0;
				GCC_PREPROCESSOR_DEFINITIONS = (
					"DEBUG=1",
					"$(inherited)",
				);
				GCC_WARN_64_TO_32_BIT_CONVERSION = YES;
				GCC_WARN_ABOUT_RETURN_TYPE = YES_ERROR;
				GCC_WARN_UNDECLARED_SELECTOR = YES;
				GCC_WARN_UNINITIALIZED_AUTOS = YES_AGGRESSIVE;
				GCC_WARN_UNUSED_FUNCTION = YES;
				GCC_WARN_UNUSED_VARIABLE = YES;
				IPHONEOS_DEPLOYMENT_TARGET = 17.0;
				LOCALIZATION_PREFERS_STRING_CATALOGS = YES;
				MTL_ENABLE_DEBUG_INFO = INCLUDE_SOURCE;
				MTL_FAST_MATH = YES;
				ONLY_ACTIVE_ARCH = YES;
				SDKROOT = iphoneos;
				SWIFT_ACTIVE_COMPILATION_CONDITIONS = "DEBUG $(inherited)";
				SWIFT_OPTIMIZATION_LEVEL = "-Onone";
			};
			name = Debug;
		};
		A81C6C6F2AAFB66E00ECEA9D /* Release */ = {
			isa = XCBuildConfiguration;
			buildSettings = {
				ALWAYS_SEARCH_USER_PATHS = NO;
				ASSETCATALOG_COMPILER_GENERATE_SWIFT_ASSET_SYMBOL_EXTENSIONS = YES;
				CLANG_ANALYZER_NONNULL = YES;
				CLANG_ANALYZER_NUMBER_OBJECT_CONVERSION = YES_AGGRESSIVE;
				CLANG_CXX_LANGUAGE_STANDARD = "gnu++20";
				CLANG_ENABLE_MODULES = YES;
				CLANG_ENABLE_OBJC_ARC = YES;
				CLANG_ENABLE_OBJC_WEAK = YES;
				CLANG_WARN_BLOCK_CAPTURE_AUTORELEASING = YES;
				CLANG_WARN_BOOL_CONVERSION = YES;
				CLANG_WARN_COMMA = YES;
				CLANG_WARN_CONSTANT_CONVERSION = YES;
				CLANG_WARN_DEPRECATED_OBJC_IMPLEMENTATIONS = YES;
				CLANG_WARN_DIRECT_OBJC_ISA_USAGE = YES_ERROR;
				CLANG_WARN_DOCUMENTATION_COMMENTS = YES;
				CLANG_WARN_EMPTY_BODY = YES;
				CLANG_WARN_ENUM_CONVERSION = YES;
				CLANG_WARN_INFINITE_RECURSION = YES;
				CLANG_WARN_INT_CONVERSION = YES;
				CLANG_WARN_NON_LITERAL_NULL_CONVERSION = YES;
				CLANG_WARN_OBJC_IMPLICIT_RETAIN_SELF = YES;
				CLANG_WARN_OBJC_LITERAL_CONVERSION = YES;
				CLANG_WARN_OBJC_ROOT_CLASS = YES_ERROR;
				CLANG_WARN_QUOTED_INCLUDE_IN_FRAMEWORK_HEADER = YES;
				CLANG_WARN_RANGE_LOOP_ANALYSIS = YES;
				CLANG_WARN_STRICT_PROTOTYPES = YES;
				CLANG_WARN_SUSPICIOUS_MOVE = YES;
				CLANG_WARN_UNGUARDED_AVAILABILITY = YES_AGGRESSIVE;
				CLANG_WARN_UNREACHABLE_CODE = YES;
				CLANG_WARN__DUPLICATE_METHOD_MATCH = YES;
				COPY_PHASE_STRIP = NO;
				DEBUG_INFORMATION_FORMAT = "dwarf-with-dsym";
				ENABLE_NS_ASSERTIONS = NO;
				ENABLE_STRICT_OBJC_MSGSEND = YES;
				ENABLE_USER_SCRIPT_SANDBOXING = YES;
				GCC_C_LANGUAGE_STANDARD = gnu17;
				GCC_NO_COMMON_BLOCKS = YES;
				GCC_WARN_64_TO_32_BIT_CONVERSION = YES;
				GCC_WARN_ABOUT_RETURN_TYPE = YES_ERROR;
				GCC_WARN_UNDECLARED_SELECTOR = YES;
				GCC_WARN_UNINITIALIZED_AUTOS = YES_AGGRESSIVE;
				GCC_WARN_UNUSED_FUNCTION = YES;
				GCC_WARN_UNUSED_VARIABLE = YES;
				IPHONEOS_DEPLOYMENT_TARGET = 17.0;
				LOCALIZATION_PREFERS_STRING_CATALOGS = YES;
				MTL_ENABLE_DEBUG_INFO = NO;
				MTL_FAST_MATH = YES;
				SDKROOT = iphoneos;
				SWIFT_COMPILATION_MODE = wholemodule;
				VALIDATE_PRODUCT = YES;
			};
			name = Release;
		};
		A81C6C712AAFB66E00ECEA9D /* Debug */ = {
			isa = XCBuildConfiguration;
			buildSettings = {
				ASSETCATALOG_COMPILER_APPICON_NAME = AppIcon;
				ASSETCATALOG_COMPILER_GLOBAL_ACCENT_COLOR_NAME = AccentColor;
				CODE_SIGN_STYLE = Automatic;
				CURRENT_PROJECT_VERSION = 1;
				DEVELOPMENT_ASSET_PATHS = "\"LAME_RTK/Preview Content\"";
				DEVELOPMENT_TEAM = PD5U6R7BH5;
				ENABLE_PREVIEWS = YES;
				GENERATE_INFOPLIST_FILE = YES;
				INFOPLIST_KEY_UIApplicationSceneManifest_Generation = YES;
				INFOPLIST_KEY_UIApplicationSupportsIndirectInputEvents = YES;
				INFOPLIST_KEY_UILaunchScreen_Generation = YES;
				INFOPLIST_KEY_UISupportedInterfaceOrientations_iPad = "UIInterfaceOrientationPortrait UIInterfaceOrientationPortraitUpsideDown UIInterfaceOrientationLandscapeLeft UIInterfaceOrientationLandscapeRight";
				INFOPLIST_KEY_UISupportedInterfaceOrientations_iPhone = "UIInterfaceOrientationPortrait UIInterfaceOrientationLandscapeLeft UIInterfaceOrientationLandscapeRight";
				LD_RUNPATH_SEARCH_PATHS = (
					"$(inherited)",
					"@executable_path/Frameworks",
				);
				MARKETING_VERSION = 1.0;
				PRODUCT_BUNDLE_IDENTIFIER = "roontoon.LAME-RTK";
				PRODUCT_NAME = "$(TARGET_NAME)";
				SWIFT_EMIT_LOC_STRINGS = YES;
				SWIFT_VERSION = 5.0;
				TARGETED_DEVICE_FAMILY = "1,2";
			};
			name = Debug;
		};
		A81C6C722AAFB66E00ECEA9D /* Release */ = {
			isa = XCBuildConfiguration;
			buildSettings = {
				ASSETCATALOG_COMPILER_APPICON_NAME = AppIcon;
				ASSETCATALOG_COMPILER_GLOBAL_ACCENT_COLOR_NAME = AccentColor;
				CODE_SIGN_STYLE = Automatic;
				CURRENT_PROJECT_VERSION = 1;
				DEVELOPMENT_ASSET_PATHS = "\"LAME_RTK/Preview Content\"";
				DEVELOPMENT_TEAM = PD5U6R7BH5;
				ENABLE_PREVIEWS = YES;
				GENERATE_INFOPLIST_FILE = YES;
				INFOPLIST_KEY_UIApplicationSceneManifest_Generation = YES;
				INFOPLIST_KEY_UIApplicationSupportsIndirectInputEvents = YES;
				INFOPLIST_KEY_UILaunchScreen_Generation = YES;
				INFOPLIST_KEY_UISupportedInterfaceOrientations_iPad = "UIInterfaceOrientationPortrait UIInterfaceOrientationPortraitUpsideDown UIInterfaceOrientationLandscapeLeft UIInterfaceOrientationLandscapeRight";
				INFOPLIST_KEY_UISupportedInterfaceOrientations_iPhone = "UIInterfaceOrientationPortrait UIInterfaceOrientationLandscapeLeft UIInterfaceOrientationLandscapeRight";
				LD_RUNPATH_SEARCH_PATHS = (
					"$(inherited)",
					"@executable_path/Frameworks",
				);
				MARKETING_VERSION = 1.0;
				PRODUCT_BUNDLE_IDENTIFIER = "roontoon.LAME-RTK";
				PRODUCT_NAME = "$(TARGET_NAME)";
				SWIFT_EMIT_LOC_STRINGS = YES;
				SWIFT_VERSION = 5.0;
				TARGETED_DEVICE_FAMILY = "1,2";
			};
			name = Release;
		};
		A81C6C742AAFB66E00ECEA9D /* Debug */ = {
			isa = XCBuildConfiguration;
			buildSettings = {
				ALWAYS_EMBED_SWIFT_STANDARD_LIBRARIES = YES;
				BUNDLE_LOADER = "$(TEST_HOST)";
				CODE_SIGN_STYLE = Automatic;
				CURRENT_PROJECT_VERSION = 1;
				DEVELOPMENT_TEAM = PD5U6R7BH5;
				GENERATE_INFOPLIST_FILE = YES;
				IPHONEOS_DEPLOYMENT_TARGET = 17.0;
				MARKETING_VERSION = 1.0;
				PRODUCT_BUNDLE_IDENTIFIER = "roontoon.LAME-RTKTests";
				PRODUCT_NAME = "$(TARGET_NAME)";
				SWIFT_EMIT_LOC_STRINGS = NO;
				SWIFT_VERSION = 5.0;
				TARGETED_DEVICE_FAMILY = "1,2";
				TEST_HOST = "$(BUILT_PRODUCTS_DIR)/LAME_RTK.app/$(BUNDLE_EXECUTABLE_FOLDER_PATH)/LAME_RTK";
			};
			name = Debug;
		};
		A81C6C752AAFB66E00ECEA9D /* Release */ = {
			isa = XCBuildConfiguration;
			buildSettings = {
				ALWAYS_EMBED_SWIFT_STANDARD_LIBRARIES = YES;
				BUNDLE_LOADER = "$(TEST_HOST)";
				CODE_SIGN_STYLE = Automatic;
				CURRENT_PROJECT_VERSION = 1;
				DEVELOPMENT_TEAM = PD5U6R7BH5;
				GENERATE_INFOPLIST_FILE = YES;
				IPHONEOS_DEPLOYMENT_TARGET = 17.0;
				MARKETING_VERSION = 1.0;
				PRODUCT_BUNDLE_IDENTIFIER = "roontoon.LAME-RTKTests";
				PRODUCT_NAME = "$(TARGET_NAME)";
				SWIFT_EMIT_LOC_STRINGS = NO;
				SWIFT_VERSION = 5.0;
				TARGETED_DEVICE_FAMILY = "1,2";
				TEST_HOST = "$(BUILT_PRODUCTS_DIR)/LAME_RTK.app/$(BUNDLE_EXECUTABLE_FOLDER_PATH)/LAME_RTK";
			};
			name = Release;
		};
		A81C6C772AAFB66E00ECEA9D /* Debug */ = {
			isa = XCBuildConfiguration;
			buildSettings = {
				ALWAYS_EMBED_SWIFT_STANDARD_LIBRARIES = YES;
				CODE_SIGN_STYLE = Automatic;
				CURRENT_PROJECT_VERSION = 1;
				DEVELOPMENT_TEAM = PD5U6R7BH5;
				GENERATE_INFOPLIST_FILE = YES;
				MARKETING_VERSION = 1.0;
				PRODUCT_BUNDLE_IDENTIFIER = "roontoon.LAME-RTKUITests";
				PRODUCT_NAME = "$(TARGET_NAME)";
				SWIFT_EMIT_LOC_STRINGS = NO;
				SWIFT_VERSION = 5.0;
				TARGETED_DEVICE_FAMILY = "1,2";
				TEST_TARGET_NAME = LAME_RTK;
			};
			name = Debug;
		};
		A81C6C782AAFB66E00ECEA9D /* Release */ = {
			isa = XCBuildConfiguration;
			buildSettings = {
				ALWAYS_EMBED_SWIFT_STANDARD_LIBRARIES = YES;
				CODE_SIGN_STYLE = Automatic;
				CURRENT_PROJECT_VERSION = 1;
				DEVELOPMENT_TEAM = PD5U6R7BH5;
				GENERATE_INFOPLIST_FILE = YES;
				MARKETING_VERSION = 1.0;
				PRODUCT_BUNDLE_IDENTIFIER = "roontoon.LAME-RTKUITests";
				PRODUCT_NAME = "$(TARGET_NAME)";
				SWIFT_EMIT_LOC_STRINGS = NO;
				SWIFT_VERSION = 5.0;
				TARGETED_DEVICE_FAMILY = "1,2";
				TEST_TARGET_NAME = LAME_RTK;
			};
			name = Release;
		};
/* End XCBuildConfiguration section */

/* Begin XCConfigurationList section */
		A81C6C472AAFB66D00ECEA9D /* Build configuration list for PBXProject "LAME_RTK" */ = {
			isa = XCConfigurationList;
			buildConfigurations = (
				A81C6C6E2AAFB66E00ECEA9D /* Debug */,
				A81C6C6F2AAFB66E00ECEA9D /* Release */,
			);
			defaultConfigurationIsVisible = 0;
			defaultConfigurationName = Release;
		};
		A81C6C702AAFB66E00ECEA9D /* Build configuration list for PBXNativeTarget "LAME_RTK" */ = {
			isa = XCConfigurationList;
			buildConfigurations = (
				A81C6C712AAFB66E00ECEA9D /* Debug */,
				A81C6C722AAFB66E00ECEA9D /* Release */,
			);
			defaultConfigurationIsVisible = 0;
			defaultConfigurationName = Release;
		};
		A81C6C732AAFB66E00ECEA9D /* Build configuration list for PBXNativeTarget "LAME_RTKTests" */ = {
			isa = XCConfigurationList;
			buildConfigurations = (
				A81C6C742AAFB66E00ECEA9D /* Debug */,
				A81C6C752AAFB66E00ECEA9D /* Release */,
			);
			defaultConfigurationIsVisible = 0;
			defaultConfigurationName = Release;
		};
		A81C6C762AAFB66E00ECEA9D /* Build configuration list for PBXNativeTarget "LAME_RTKUITests" */ = {
			isa = XCConfigurationList;
			buildConfigurations = (
				A81C6C772AAFB66E00ECEA9D /* Debug */,
				A81C6C782AAFB66E00ECEA9D /* Release */,
			);
			defaultConfigurationIsVisible = 0;
			defaultConfigurationName = Release;
		};
/* End XCConfigurationList section */
	};
	rootObject = A81C6C442AAFB66D00ECEA9D /* Project object */;
}
