// !$*UTF8*$!
{
	archiveVersion = 1;
	classes = {
	};
	objectVersion = 56;
	objects = {

/* Begin PBXBuildFile section */
		A803A4352AB90F8400EC73FB /* Persistence.swift in Sources */ = {isa = PBXBuildFile; fileRef = A803A4342AB90F8400EC73FB /* Persistence.swift */; };
		A803A4362AB92A1A00EC73FB /* GPSDataView.swift in Sources */ = {isa = PBXBuildFile; fileRef = A863ED7F2AB0097000C7DF64 /* GPSDataView.swift */; };
		A817D5D12AC8F3FE00AF54A6 /* MapboxCoreNavigation in Frameworks */ = {isa = PBXBuildFile; productRef = A817D5D02AC8F3FE00AF54A6 /* MapboxCoreNavigation */; };
		A817D5D32AC8F3FE00AF54A6 /* MapboxNavigation in Frameworks */ = {isa = PBXBuildFile; productRef = A817D5D22AC8F3FE00AF54A6 /* MapboxNavigation */; };
		A81A1E4C2AC9C4390009330D /* AnnotationsMapView.swift in Sources */ = {isa = PBXBuildFile; fileRef = A81A1E4B2AC9C4390009330D /* AnnotationsMapView.swift */; };
		A81C6C502AAFB66D00ECEA9D /* LAME_RTKApp.swift in Sources */ = {isa = PBXBuildFile; fileRef = A81C6C4F2AAFB66D00ECEA9D /* LAME_RTKApp.swift */; };
		A81C6C542AAFB66E00ECEA9D /* Assets.xcassets in Resources */ = {isa = PBXBuildFile; fileRef = A81C6C532AAFB66E00ECEA9D /* Assets.xcassets */; };
		A81C6C572AAFB66E00ECEA9D /* Preview Assets.xcassets in Resources */ = {isa = PBXBuildFile; fileRef = A81C6C562AAFB66E00ECEA9D /* Preview Assets.xcassets */; };
		A824EF9B2AB23425002D2BF6 /* PersistenceController.swift in Sources */ = {isa = PBXBuildFile; fileRef = A824EF9A2AB23425002D2BF6 /* PersistenceController.swift */; };
		A839B0112ABF49C100CA1CD5 /* ContentView.swift in Sources */ = {isa = PBXBuildFile; fileRef = A839B0102ABF49C100CA1CD5 /* ContentView.swift */; };
		A839B01E2AC100B500CA1CD5 /* MapboxCoreNavigation in Frameworks */ = {isa = PBXBuildFile; productRef = A839B01D2AC100B500CA1CD5 /* MapboxCoreNavigation */; };
		A839B0202AC100B500CA1CD5 /* MapboxNavigation in Frameworks */ = {isa = PBXBuildFile; productRef = A839B01F2AC100B500CA1CD5 /* MapboxNavigation */; };
		A839B0222AC21FE400CA1CD5 /* test.swift in Sources */ = {isa = PBXBuildFile; fileRef = A839B0212AC21FE400CA1CD5 /* test.swift */; };
		A839B04C2AC4E37800CA1CD5 /* LAMEMapView.swift in Sources */ = {isa = PBXBuildFile; fileRef = A839B04B2AC4E37800CA1CD5 /* LAMEMapView.swift */; };
		A863ED7E2AB0091F00C7DF64 /* Editview.swift in Sources */ = {isa = PBXBuildFile; fileRef = A863ED7D2AB0091F00C7DF64 /* Editview.swift */; };
		A863ED822AB009C000C7DF64 /* JoyStickView.swift in Sources */ = {isa = PBXBuildFile; fileRef = A863ED812AB009C000C7DF64 /* JoyStickView.swift */; };
		A863ED842AB009FC00C7DF64 /* MapBoxView.swift in Sources */ = {isa = PBXBuildFile; fileRef = A863ED832AB009FC00C7DF64 /* MapBoxView.swift */; };
		A863ED8A2AB00AF700C7DF64 /* PreferencesView.swift in Sources */ = {isa = PBXBuildFile; fileRef = A863ED892AB00AF700C7DF64 /* PreferencesView.swift */; };
		A863ED8C2AB00B3200C7DF64 /* CustomMapView.swift in Sources */ = {isa = PBXBuildFile; fileRef = A863ED8B2AB00B3200C7DF64 /* CustomMapView.swift */; };
		A863ED8E2AB00B6A00C7DF64 /* TestMap.swift in Sources */ = {isa = PBXBuildFile; fileRef = A863ED8D2AB00B6A00C7DF64 /* TestMap.swift */; };
		A863ED9F2AB0F29700C7DF64 /* GPSDataListVew.swift in Sources */ = {isa = PBXBuildFile; fileRef = A863ED9E2AB0F29700C7DF64 /* GPSDataListVew.swift */; };
		A863EDB02AB0FB6200C7DF64 /* GPSDataModel.xcdatamodeld in Sources */ = {isa = PBXBuildFile; fileRef = A863EDAA2AB0F69100C7DF64 /* GPSDataModel.xcdatamodeld */; };
/* End PBXBuildFile section */

/* Begin PBXCopyFilesBuildPhase section */
		A8630EF52AB54E8A00937A5F /* Embed Frameworks */ = {
			isa = PBXCopyFilesBuildPhase;
			buildActionMask = 2147483647;
			dstPath = "";
			dstSubfolderSpec = 10;
			files = (
			);
			name = "Embed Frameworks";
			runOnlyForDeploymentPostprocessing = 0;
		};
/* End PBXCopyFilesBuildPhase section */

/* Begin PBXFileReference section */
		A803A4342AB90F8400EC73FB /* Persistence.swift */ = {isa = PBXFileReference; fileEncoding = 4; lastKnownFileType = sourcecode.swift; path = Persistence.swift; sourceTree = "<group>"; };
		A81A1E4B2AC9C4390009330D /* AnnotationsMapView.swift */ = {isa = PBXFileReference; fileEncoding = 4; lastKnownFileType = sourcecode.swift; path = AnnotationsMapView.swift; sourceTree = "<group>"; };
		A81C6C4C2AAFB66D00ECEA9D /* LAME_RTK.app */ = {isa = PBXFileReference; explicitFileType = wrapper.application; includeInIndex = 0; path = LAME_RTK.app; sourceTree = BUILT_PRODUCTS_DIR; };
		A81C6C4F2AAFB66D00ECEA9D /* LAME_RTKApp.swift */ = {isa = PBXFileReference; lastKnownFileType = sourcecode.swift; path = LAME_RTKApp.swift; sourceTree = "<group>"; };
		A81C6C532AAFB66E00ECEA9D /* Assets.xcassets */ = {isa = PBXFileReference; lastKnownFileType = folder.assetcatalog; path = Assets.xcassets; sourceTree = "<group>"; };
		A81C6C562AAFB66E00ECEA9D /* Preview Assets.xcassets */ = {isa = PBXFileReference; lastKnownFileType = folder.assetcatalog; path = "Preview Assets.xcassets"; sourceTree = "<group>"; };
		A824EF9A2AB23425002D2BF6 /* PersistenceController.swift */ = {isa = PBXFileReference; lastKnownFileType = sourcecode.swift; path = PersistenceController.swift; sourceTree = "<group>"; };
		A839B0102ABF49C100CA1CD5 /* ContentView.swift */ = {isa = PBXFileReference; fileEncoding = 4; lastKnownFileType = sourcecode.swift; path = ContentView.swift; sourceTree = "<group>"; };
		A839B01B2AC1004100CA1CD5 /* LAME-RTK-Info.plist */ = {isa = PBXFileReference; lastKnownFileType = text.plist; path = "LAME-RTK-Info.plist"; sourceTree = SOURCE_ROOT; };
		A839B0212AC21FE400CA1CD5 /* test.swift */ = {isa = PBXFileReference; lastKnownFileType = sourcecode.swift; path = test.swift; sourceTree = "<group>"; };
		A839B04B2AC4E37800CA1CD5 /* LAMEMapView.swift */ = {isa = PBXFileReference; lastKnownFileType = sourcecode.swift; path = LAMEMapView.swift; sourceTree = "<group>"; };
		A863ED7D2AB0091F00C7DF64 /* Editview.swift */ = {isa = PBXFileReference; lastKnownFileType = sourcecode.swift; path = Editview.swift; sourceTree = "<group>"; };
		A863ED7F2AB0097000C7DF64 /* GPSDataView.swift */ = {isa = PBXFileReference; lastKnownFileType = sourcecode.swift; path = GPSDataView.swift; sourceTree = "<group>"; };
		A863ED812AB009C000C7DF64 /* JoyStickView.swift */ = {isa = PBXFileReference; lastKnownFileType = sourcecode.swift; path = JoyStickView.swift; sourceTree = "<group>"; };
		A863ED832AB009FC00C7DF64 /* MapBoxView.swift */ = {isa = PBXFileReference; lastKnownFileType = sourcecode.swift; path = MapBoxView.swift; sourceTree = "<group>"; };
		A863ED892AB00AF700C7DF64 /* PreferencesView.swift */ = {isa = PBXFileReference; lastKnownFileType = sourcecode.swift; path = PreferencesView.swift; sourceTree = "<group>"; };
		A863ED8B2AB00B3200C7DF64 /* CustomMapView.swift */ = {isa = PBXFileReference; lastKnownFileType = sourcecode.swift; path = CustomMapView.swift; sourceTree = "<group>"; };
		A863ED8D2AB00B6A00C7DF64 /* TestMap.swift */ = {isa = PBXFileReference; lastKnownFileType = sourcecode.swift; path = TestMap.swift; sourceTree = "<group>"; };
		A863ED9E2AB0F29700C7DF64 /* GPSDataListVew.swift */ = {isa = PBXFileReference; lastKnownFileType = sourcecode.swift; path = GPSDataListVew.swift; sourceTree = "<group>"; };
		A863EDAB2AB0F69100C7DF64 /* GPSDataModel.xcdatamodel */ = {isa = PBXFileReference; lastKnownFileType = wrapper.xcdatamodel; path = GPSDataModel.xcdatamodel; sourceTree = "<group>"; };
		A863EDAC2AB0F69100C7DF64 /* GPSDataModel.xcdatamodel */ = {isa = PBXFileReference; lastKnownFileType = wrapper.xcdatamodel; path = GPSDataModel.xcdatamodel; sourceTree = "<group>"; };
/* End PBXFileReference section */

/* Begin PBXFrameworksBuildPhase section */
		A81C6C492AAFB66D00ECEA9D /* Frameworks */ = {
			isa = PBXFrameworksBuildPhase;
			buildActionMask = 2147483647;
			files = (
				A839B01E2AC100B500CA1CD5 /* MapboxCoreNavigation in Frameworks */,
				A817D5D12AC8F3FE00AF54A6 /* MapboxCoreNavigation in Frameworks */,
				A839B0202AC100B500CA1CD5 /* MapboxNavigation in Frameworks */,
				A817D5D32AC8F3FE00AF54A6 /* MapboxNavigation in Frameworks */,
			);
			runOnlyForDeploymentPostprocessing = 0;
		};
/* End PBXFrameworksBuildPhase section */

/* Begin PBXGroup section */
		A81C6C432AAFB66D00ECEA9D = {
			isa = PBXGroup;
			children = (
				A81C6C4E2AAFB66D00ECEA9D /* LAME_RTK */,
				A81C6C4D2AAFB66D00ECEA9D /* Products */,
			);
			sourceTree = "<group>";
		};
		A81C6C4D2AAFB66D00ECEA9D /* Products */ = {
			isa = PBXGroup;
			children = (
				A81C6C4C2AAFB66D00ECEA9D /* LAME_RTK.app */,
			);
			name = Products;
			sourceTree = "<group>";
		};
		A81C6C4E2AAFB66D00ECEA9D /* LAME_RTK */ = {
			isa = PBXGroup;
			children = (
				A81A1E4B2AC9C4390009330D /* AnnotationsMapView.swift */,
				A839B01B2AC1004100CA1CD5 /* LAME-RTK-Info.plist */,
				A839B0102ABF49C100CA1CD5 /* ContentView.swift */,
				A81C6C4F2AAFB66D00ECEA9D /* LAME_RTKApp.swift */,
				A863ED7D2AB0091F00C7DF64 /* Editview.swift */,
				A863ED7F2AB0097000C7DF64 /* GPSDataView.swift */,
				A863ED9E2AB0F29700C7DF64 /* GPSDataListVew.swift */,
				A863ED812AB009C000C7DF64 /* JoyStickView.swift */,
				A824EF9A2AB23425002D2BF6 /* PersistenceController.swift */,
				A863ED8B2AB00B3200C7DF64 /* CustomMapView.swift */,
				A803A4342AB90F8400EC73FB /* Persistence.swift */,
				A863ED832AB009FC00C7DF64 /* MapBoxView.swift */,
				A863ED892AB00AF700C7DF64 /* PreferencesView.swift */,
				A863ED8D2AB00B6A00C7DF64 /* TestMap.swift */,
				A81C6C532AAFB66E00ECEA9D /* Assets.xcassets */,
				A81C6C552AAFB66E00ECEA9D /* Preview Content */,
				A863EDAA2AB0F69100C7DF64 /* GPSDataModel.xcdatamodeld */,
				A839B0212AC21FE400CA1CD5 /* test.swift */,
				A839B04B2AC4E37800CA1CD5 /* LAMEMapView.swift */,
			);
			path = LAME_RTK;
			sourceTree = "<group>";
		};
		A81C6C552AAFB66E00ECEA9D /* Preview Content */ = {
			isa = PBXGroup;
			children = (
				A81C6C562AAFB66E00ECEA9D /* Preview Assets.xcassets */,
			);
			path = "Preview Content";
			sourceTree = "<group>";
		};
/* End PBXGroup section */

/* Begin PBXNativeTarget section */
		A81C6C4B2AAFB66D00ECEA9D /* LAME_RTK */ = {
			isa = PBXNativeTarget;
			buildConfigurationList = A81C6C702AAFB66E00ECEA9D /* Build configuration list for PBXNativeTarget "LAME_RTK" */;
			buildPhases = (
				A81C6C482AAFB66D00ECEA9D /* Sources */,
				A81C6C492AAFB66D00ECEA9D /* Frameworks */,
				A81C6C4A2AAFB66D00ECEA9D /* Resources */,
				A8630EF52AB54E8A00937A5F /* Embed Frameworks */,
			);
			buildRules = (
			);
			dependencies = (
			);
			name = LAME_RTK;
			packageProductDependencies = (
				A839B01D2AC100B500CA1CD5 /* MapboxCoreNavigation */,
				A839B01F2AC100B500CA1CD5 /* MapboxNavigation */,
				A817D5D02AC8F3FE00AF54A6 /* MapboxCoreNavigation */,
				A817D5D22AC8F3FE00AF54A6 /* MapboxNavigation */,
			);
			productName = LAME_RTK;
			productReference = A81C6C4C2AAFB66D00ECEA9D /* LAME_RTK.app */;
			productType = "com.apple.product-type.application";
		};
/* End PBXNativeTarget section */

/* Begin PBXProject section */
		A81C6C442AAFB66D00ECEA9D /* Project object */ = {
			isa = PBXProject;
			attributes = {
				BuildIndependentTargetsInParallel = 1;
				LastSwiftUpdateCheck = 1500;
				LastUpgradeCheck = 1500;
				TargetAttributes = {
					A81C6C4B2AAFB66D00ECEA9D = {
						CreatedOnToolsVersion = 15.0;
					};
				};
			};
			buildConfigurationList = A81C6C472AAFB66D00ECEA9D /* Build configuration list for PBXProject "LAME_RTK" */;
			compatibilityVersion = "Xcode 14.0";
			developmentRegion = en;
			hasScannedForEncodings = 0;
			knownRegions = (
				en,
				Base,
			);
			mainGroup = A81C6C432AAFB66D00ECEA9D;
			packageReferences = (
				A839B01C2AC100B500CA1CD5 /* XCRemoteSwiftPackageReference "mapbox-navigation-ios" */,
			);
			productRefGroup = A81C6C4D2AAFB66D00ECEA9D /* Products */;
			projectDirPath = "";
			projectRoot = "";
			targets = (
				A81C6C4B2AAFB66D00ECEA9D /* LAME_RTK */,
			);
		};
/* End PBXProject section */

/* Begin PBXResourcesBuildPhase section */
		A81C6C4A2AAFB66D00ECEA9D /* Resources */ = {
			isa = PBXResourcesBuildPhase;
			buildActionMask = 2147483647;
			files = (
				A81C6C572AAFB66E00ECEA9D /* Preview Assets.xcassets in Resources */,
				A81C6C542AAFB66E00ECEA9D /* Assets.xcassets in Resources */,
			);
			runOnlyForDeploymentPostprocessing = 0;
		};
/* End PBXResourcesBuildPhase section */

/* Begin PBXSourcesBuildPhase section */
		A81C6C482AAFB66D00ECEA9D /* Sources */ = {
			isa = PBXSourcesBuildPhase;
			buildActionMask = 2147483647;
			files = (
				A863ED842AB009FC00C7DF64 /* MapBoxView.swift in Sources */,
				A863ED9F2AB0F29700C7DF64 /* GPSDataListVew.swift in Sources */,
				A863ED8C2AB00B3200C7DF64 /* CustomMapView.swift in Sources */,
				A863EDB02AB0FB6200C7DF64 /* GPSDataModel.xcdatamodeld in Sources */,
				A863ED8E2AB00B6A00C7DF64 /* TestMap.swift in Sources */,
				A863ED8A2AB00AF700C7DF64 /* PreferencesView.swift in Sources */,
				A839B04C2AC4E37800CA1CD5 /* LAMEMapView.swift in Sources */,
				A863ED822AB009C000C7DF64 /* JoyStickView.swift in Sources */,
				A803A4352AB90F8400EC73FB /* Persistence.swift in Sources */,
				A863ED7E2AB0091F00C7DF64 /* Editview.swift in Sources */,
				A81A1E4C2AC9C4390009330D /* AnnotationsMapView.swift in Sources */,
				A824EF9B2AB23425002D2BF6 /* PersistenceController.swift in Sources */,
				A839B0112ABF49C100CA1CD5 /* ContentView.swift in Sources */,
				A81C6C502AAFB66D00ECEA9D /* LAME_RTKApp.swift in Sources */,
				A803A4362AB92A1A00EC73FB /* GPSDataView.swift in Sources */,
				A839B0222AC21FE400CA1CD5 /* test.swift in Sources */,
			);
			runOnlyForDeploymentPostprocessing = 0;
		};
/* End PBXSourcesBuildPhase section */

/* Begin XCBuildConfiguration section */
		A81C6C6E2AAFB66E00ECEA9D /* Debug */ = {
			isa = XCBuildConfiguration;
			buildSettings = {
				ALWAYS_SEARCH_USER_PATHS = NO;
				ASSETCATALOG_COMPILER_GENERATE_SWIFT_ASSET_SYMBOL_EXTENSIONS = NO;
				CLANG_ANALYZER_NONNULL = YES;
				CLANG_ANALYZER_NUMBER_OBJECT_CONVERSION = YES_AGGRESSIVE;
				CLANG_CXX_LANGUAGE_STANDARD = "gnu++20";
				CLANG_ENABLE_MODULES = YES;
				CLANG_ENABLE_OBJC_ARC = YES;
				CLANG_ENABLE_OBJC_WEAK = YES;
				CLANG_WARN_BLOCK_CAPTURE_AUTORELEASING = YES;
				CLANG_WARN_BOOL_CONVERSION = YES;
				CLANG_WARN_COMMA = YES;
				CLANG_WARN_CONSTANT_CONVERSION = YES;
				CLANG_WARN_DEPRECATED_OBJC_IMPLEMENTATIONS = YES;
				CLANG_WARN_DIRECT_OBJC_ISA_USAGE = YES_ERROR;
				CLANG_WARN_DOCUMENTATION_COMMENTS = YES;
				CLANG_WARN_EMPTY_BODY = YES;
				CLANG_WARN_ENUM_CONVERSION = YES;
				CLANG_WARN_INFINITE_RECURSION = YES;
				CLANG_WARN_INT_CONVERSION = YES;
				CLANG_WARN_NON_LITERAL_NULL_CONVERSION = YES;
				CLANG_WARN_OBJC_IMPLICIT_RETAIN_SELF = YES;
				CLANG_WARN_OBJC_LITERAL_CONVERSION = YES;
				CLANG_WARN_OBJC_ROOT_CLASS = YES_ERROR;
				CLANG_WARN_QUOTED_INCLUDE_IN_FRAMEWORK_HEADER = YES;
				CLANG_WARN_RANGE_LOOP_ANALYSIS = YES;
				CLANG_WARN_STRICT_PROTOTYPES = YES;
				CLANG_WARN_SUSPICIOUS_MOVE = YES;
				CLANG_WARN_UNGUARDED_AVAILABILITY = YES_AGGRESSIVE;
				CLANG_WARN_UNREACHABLE_CODE = YES;
				CLANG_WARN__DUPLICATE_METHOD_MATCH = YES;
				COPY_PHASE_STRIP = NO;
				DEBUG_INFORMATION_FORMAT = dwarf;
				ENABLE_STRICT_OBJC_MSGSEND = YES;
				ENABLE_TESTABILITY = YES;
				ENABLE_USER_SCRIPT_SANDBOXING = YES;
				FRAMEWORK_SEARCH_PATHS = /Users/roontoon/Documents/GitHubLocalRepository/LAME_RTK/LAME_RTK/Frameworks;
				GCC_C_LANGUAGE_STANDARD = gnu17;
				GCC_DYNAMIC_NO_PIC = NO;
				GCC_NO_COMMON_BLOCKS = YES;
				GCC_OPTIMIZATION_LEVEL = 0;
				GCC_PREPROCESSOR_DEFINITIONS = (
					"DEBUG=1",
					"$(inherited)",
				);
				GCC_WARN_64_TO_32_BIT_CONVERSION = YES;
				GCC_WARN_ABOUT_RETURN_TYPE = YES_ERROR;
				GCC_WARN_UNDECLARED_SELECTOR = YES;
				GCC_WARN_UNINITIALIZED_AUTOS = YES_AGGRESSIVE;
				GCC_WARN_UNUSED_FUNCTION = YES;
				GCC_WARN_UNUSED_VARIABLE = YES;
				IPHONEOS_DEPLOYMENT_TARGET = 17.0;
				LOCALIZATION_PREFERS_STRING_CATALOGS = YES;
				MTL_ENABLE_DEBUG_INFO = INCLUDE_SOURCE;
				MTL_FAST_MATH = YES;
				ONLY_ACTIVE_ARCH = YES;
				SDKROOT = iphoneos;
				SWIFT_ACTIVE_COMPILATION_CONDITIONS = "DEBUG $(inherited)";
				SWIFT_OPTIMIZATION_LEVEL = "-Onone";
			};
			name = Debug;
		};
		A81C6C6F2AAFB66E00ECEA9D /* Release */ = {
			isa = XCBuildConfiguration;
			buildSettings = {
				ALWAYS_SEARCH_USER_PATHS = NO;
				ASSETCATALOG_COMPILER_GENERATE_SWIFT_ASSET_SYMBOL_EXTENSIONS = NO;
				CLANG_ANALYZER_NONNULL = YES;
				CLANG_ANALYZER_NUMBER_OBJECT_CONVERSION = YES_AGGRESSIVE;
				CLANG_CXX_LANGUAGE_STANDARD = "gnu++20";
				CLANG_ENABLE_MODULES = YES;
				CLANG_ENABLE_OBJC_ARC = YES;
				CLANG_ENABLE_OBJC_WEAK = YES;
				CLANG_WARN_BLOCK_CAPTURE_AUTORELEASING = YES;
				CLANG_WARN_BOOL_CONVERSION = YES;
				CLANG_WARN_COMMA = YES;
				CLANG_WARN_CONSTANT_CONVERSION = YES;
				CLANG_WARN_DEPRECATED_OBJC_IMPLEMENTATIONS = YES;
				CLANG_WARN_DIRECT_OBJC_ISA_USAGE = YES_ERROR;
				CLANG_WARN_DOCUMENTATION_COMMENTS = YES;
				CLANG_WARN_EMPTY_BODY = YES;
				CLANG_WARN_ENUM_CONVERSION = YES;
				CLANG_WARN_INFINITE_RECURSION = YES;
				CLANG_WARN_INT_CONVERSION = YES;
				CLANG_WARN_NON_LITERAL_NULL_CONVERSION = YES;
				CLANG_WARN_OBJC_IMPLICIT_RETAIN_SELF = YES;
				CLANG_WARN_OBJC_LITERAL_CONVERSION = YES;
				CLANG_WARN_OBJC_ROOT_CLASS = YES_ERROR;
				CLANG_WARN_QUOTED_INCLUDE_IN_FRAMEWORK_HEADER = YES;
				CLANG_WARN_RANGE_LOOP_ANALYSIS = YES;
				CLANG_WARN_STRICT_PROTOTYPES = YES;
				CLANG_WARN_SUSPICIOUS_MOVE = YES;
				CLANG_WARN_UNGUARDED_AVAILABILITY = YES_AGGRESSIVE;
				CLANG_WARN_UNREACHABLE_CODE = YES;
				CLANG_WARN__DUPLICATE_METHOD_MATCH = YES;
				COPY_PHASE_STRIP = NO;
				DEBUG_INFORMATION_FORMAT = "dwarf-with-dsym";
				ENABLE_NS_ASSERTIONS = NO;
				ENABLE_STRICT_OBJC_MSGSEND = YES;
				ENABLE_USER_SCRIPT_SANDBOXING = YES;
				FRAMEWORK_SEARCH_PATHS = /Users/roontoon/Documents/GitHubLocalRepository/LAME_RTK/LAME_RTK/Frameworks;
				GCC_C_LANGUAGE_STANDARD = gnu17;
				GCC_NO_COMMON_BLOCKS = YES;
				GCC_WARN_64_TO_32_BIT_CONVERSION = YES;
				GCC_WARN_ABOUT_RETURN_TYPE = YES_ERROR;
				GCC_WARN_UNDECLARED_SELECTOR = YES;
				GCC_WARN_UNINITIALIZED_AUTOS = YES_AGGRESSIVE;
				GCC_WARN_UNUSED_FUNCTION = YES;
				GCC_WARN_UNUSED_VARIABLE = YES;
				IPHONEOS_DEPLOYMENT_TARGET = 17.0;
				LOCALIZATION_PREFERS_STRING_CATALOGS = YES;
				MTL_ENABLE_DEBUG_INFO = NO;
				MTL_FAST_MATH = YES;
				SDKROOT = iphoneos;
				SWIFT_COMPILATION_MODE = wholemodule;
				VALIDATE_PRODUCT = YES;
			};
			name = Release;
		};
		A81C6C712AAFB66E00ECEA9D /* Debug */ = {
			isa = XCBuildConfiguration;
			buildSettings = {
				ASSETCATALOG_COMPILER_APPICON_NAME = AppIcon;
				ASSETCATALOG_COMPILER_GLOBAL_ACCENT_COLOR_NAME = AccentColor;
				CODE_SIGN_STYLE = Automatic;
				CURRENT_PROJECT_VERSION = 1;
				DEVELOPMENT_TEAM = PD5U6R7BH5;
				ENABLE_PREVIEWS = YES;
				FRAMEWORK_SEARCH_PATHS = /Users/roontoon/Documents/GitHubLocalRepository/LAME_RTK/LAME_RTK/Frameworks;
				GENERATE_INFOPLIST_FILE = YES;
				INFOPLIST_FILE = "LAME-RTK-Info.plist";
				INFOPLIST_KEY_UIApplicationSceneManifest_Generation = YES;
				INFOPLIST_KEY_UIApplicationSupportsIndirectInputEvents = YES;
				INFOPLIST_KEY_UILaunchScreen_Generation = YES;
				INFOPLIST_KEY_UISupportedInterfaceOrientations_iPad = "UIInterfaceOrientationPortrait UIInterfaceOrientationPortraitUpsideDown UIInterfaceOrientationLandscapeLeft UIInterfaceOrientationLandscapeRight";
				INFOPLIST_KEY_UISupportedInterfaceOrientations_iPhone = "UIInterfaceOrientationPortrait UIInterfaceOrientationLandscapeLeft UIInterfaceOrientationLandscapeRight";
				LD_RUNPATH_SEARCH_PATHS = (
					"$(inherited)",
					"@executable_path/Frameworks",
				);
				MARKETING_VERSION = 1.0;
				PRODUCT_BUNDLE_IDENTIFIER = "roontoon.LAME-RTK";
				PRODUCT_NAME = "$(TARGET_NAME)";
				SWIFT_EMIT_LOC_STRINGS = YES;
				SWIFT_VERSION = 5.0;
				TARGETED_DEVICE_FAMILY = "1,2";
			};
			name = Debug;
		};
		A81C6C722AAFB66E00ECEA9D /* Release */ = {
			isa = XCBuildConfiguration;
			buildSettings = {
				ASSETCATALOG_COMPILER_APPICON_NAME = AppIcon;
				ASSETCATALOG_COMPILER_GLOBAL_ACCENT_COLOR_NAME = AccentColor;
				CODE_SIGN_STYLE = Automatic;
				CURRENT_PROJECT_VERSION = 1;
				DEVELOPMENT_TEAM = PD5U6R7BH5;
				ENABLE_PREVIEWS = YES;
				FRAMEWORK_SEARCH_PATHS = /Users/roontoon/Documents/GitHubLocalRepository/LAME_RTK/LAME_RTK/Frameworks;
				GENERATE_INFOPLIST_FILE = YES;
				INFOPLIST_FILE = "LAME-RTK-Info.plist";
				INFOPLIST_KEY_UIApplicationSceneManifest_Generation = YES;
				INFOPLIST_KEY_UIApplicationSupportsIndirectInputEvents = YES;
				INFOPLIST_KEY_UILaunchScreen_Generation = YES;
				INFOPLIST_KEY_UISupportedInterfaceOrientations_iPad = "UIInterfaceOrientationPortrait UIInterfaceOrientationPortraitUpsideDown UIInterfaceOrientationLandscapeLeft UIInterfaceOrientationLandscapeRight";
				INFOPLIST_KEY_UISupportedInterfaceOrientations_iPhone = "UIInterfaceOrientationPortrait UIInterfaceOrientationLandscapeLeft UIInterfaceOrientationLandscapeRight";
				LD_RUNPATH_SEARCH_PATHS = (
					"$(inherited)",
					"@executable_path/Frameworks",
				);
				MARKETING_VERSION = 1.0;
				PRODUCT_BUNDLE_IDENTIFIER = "roontoon.LAME-RTK";
				PRODUCT_NAME = "$(TARGET_NAME)";
				SWIFT_EMIT_LOC_STRINGS = YES;
				SWIFT_VERSION = 5.0;
				TARGETED_DEVICE_FAMILY = "1,2";
			};
			name = Release;
		};
/* End XCBuildConfiguration section */

/* Begin XCConfigurationList section */
		A81C6C472AAFB66D00ECEA9D /* Build configuration list for PBXProject "LAME_RTK" */ = {
			isa = XCConfigurationList;
			buildConfigurations = (
				A81C6C6E2AAFB66E00ECEA9D /* Debug */,
				A81C6C6F2AAFB66E00ECEA9D /* Release */,
			);
			defaultConfigurationIsVisible = 0;
			defaultConfigurationName = Release;
		};
		A81C6C702AAFB66E00ECEA9D /* Build configuration list for PBXNativeTarget "LAME_RTK" */ = {
			isa = XCConfigurationList;
			buildConfigurations = (
				A81C6C712AAFB66E00ECEA9D /* Debug */,
				A81C6C722AAFB66E00ECEA9D /* Release */,
			);
			defaultConfigurationIsVisible = 0;
			defaultConfigurationName = Release;
		};
/* End XCConfigurationList section */

/* Begin XCRemoteSwiftPackageReference section */
		A839B01C2AC100B500CA1CD5 /* XCRemoteSwiftPackageReference "mapbox-navigation-ios" */ = {
			isa = XCRemoteSwiftPackageReference;
			repositoryURL = "https://github.com/mapbox/mapbox-navigation-ios";
			requirement = {
				branch = main;
				kind = branch;
			};
		};
/* End XCRemoteSwiftPackageReference section */

/* Begin XCSwiftPackageProductDependency section */
		A817D5D02AC8F3FE00AF54A6 /* MapboxCoreNavigation */ = {
			isa = XCSwiftPackageProductDependency;
			package = A839B01C2AC100B500CA1CD5 /* XCRemoteSwiftPackageReference "mapbox-navigation-ios" */;
			productName = MapboxCoreNavigation;
		};
		A817D5D22AC8F3FE00AF54A6 /* MapboxNavigation */ = {
			isa = XCSwiftPackageProductDependency;
			package = A839B01C2AC100B500CA1CD5 /* XCRemoteSwiftPackageReference "mapbox-navigation-ios" */;
			productName = MapboxNavigation;
		};
		A839B01D2AC100B500CA1CD5 /* MapboxCoreNavigation */ = {
			isa = XCSwiftPackageProductDependency;
			package = A839B01C2AC100B500CA1CD5 /* XCRemoteSwiftPackageReference "mapbox-navigation-ios" */;
			productName = MapboxCoreNavigation;
		};
		A839B01F2AC100B500CA1CD5 /* MapboxNavigation */ = {
			isa = XCSwiftPackageProductDependency;
			package = A839B01C2AC100B500CA1CD5 /* XCRemoteSwiftPackageReference "mapbox-navigation-ios" */;
			productName = MapboxNavigation;
		};
/* End XCSwiftPackageProductDependency section */

/* Begin XCVersionGroup section */
		A863EDAA2AB0F69100C7DF64 /* GPSDataModel.xcdatamodeld */ = {
			isa = XCVersionGroup;
			children = (
				A863EDAB2AB0F69100C7DF64 /* GPSDataModel.xcdatamodel */,
				A863EDAC2AB0F69100C7DF64 /* GPSDataModel.xcdatamodel */,
			);
			currentVersion = A863EDAB2AB0F69100C7DF64 /* GPSDataModel.xcdatamodel */;
			path = GPSDataModel.xcdatamodeld;
			sourceTree = "<group>";
			versionGroupType = wrapper.xcdatamodel;
		};
/* End XCVersionGroup section */
	};
	rootObject = A81C6C442AAFB66D00ECEA9D /* Project object */;
}
